<Solution>
  <Folder Name="/Solution Items/">
    <File Path="Directory.Build.props" />
  </Folder>
  <Project Path="AvaloniaApplication.Android/AvaloniaApplication.Android.csproj" />
  <Project Path="AvaloniaApplication.Browser/AvaloniaApplication.Browser.csproj" />
  <Project Path="AvaloniaApplication.Desktop/AvaloniaApplication.Desktop.csproj" />
  <Project Path="AvaloniaApplication.iOS/AvaloniaApplication.iOS.csproj" />
  <Project Path="AvaloniaApplication/AvaloniaApplication.csproj" />
</Solution>
