
Microsoft Visual Studio Solution File, Format Version 12.00
# Visual Studio Version 17
VisualStudioVersion = 17.7.34031.279
MinimumVisualStudioVersion = 10.0.40219.1
Project("{9A19103F-16F7-4668-BE54-9A1E7A4F7556}") = "Cornerstone", "Cornerstone\Cornerstone.csproj", "{AB22D417-A4FB-44E7-AF63-F93651C8C0F9}"
EndProject
Project("{2150E333-8FDC-42A3-9474-1A3956D46DE8}") = "Build", "Build", "{D3374B14-7A18-4C41-89EC-641B26D22F36}"
	ProjectSection(SolutionItems) = preProject
		Cornerstone.sln.DotSettings = Cornerstone.sln.DotSettings
		development.md = development.md
		Directory.Build.props = Directory.Build.props
		FodyWeavers.xml = FodyWeavers.xml
		global.json = global.json
		license.txt = license.txt
		readme.md = readme.md
	EndProjectSection
EndProject
Project("{9A19103F-16F7-4668-BE54-9A1E7A4F7556}") = "Cornerstone.EntityFramework", "Cornerstone.EntityFramework\Cornerstone.EntityFramework.csproj", "{45505721-A25D-4C35-8783-C80FCB79A185}"
EndProject
Project("{9A19103F-16F7-4668-BE54-9A1E7A4F7556}") = "Cornerstone.Automation", "Cornerstone.Automation\Cornerstone.Automation.csproj", "{A77FB94C-0C18-4E81-8FA7-B75CF11179FC}"
EndProject
Project("{9A19103F-16F7-4668-BE54-9A1E7A4F7556}") = "Cornerstone.Newtonsoft", "Cornerstone.Newtonsoft\Cornerstone.Newtonsoft.csproj", "{968D4C48-474D-4456-BB2A-1396AE3841FF}"
EndProject
Project("{9A19103F-16F7-4668-BE54-9A1E7A4F7556}") = "Cornerstone.PowerShell", "Cornerstone.PowerShell\Cornerstone.PowerShell.csproj", "{F7968E50-B202-4284-9D73-E5CD6FC68DFC}"
EndProject
Project("{9A19103F-16F7-4668-BE54-9A1E7A4F7556}") = "Cornerstone.Web", "Cornerstone.Web\Cornerstone.Web.csproj", "{4BAB23BE-117B-4DEE-AD35-0371974CE266}"
EndProject
Project("{9A19103F-16F7-4668-BE54-9A1E7A4F7556}") = "Sample.Client.Data", "Samples\Sample.Client.Data\Sample.Client.Data.csproj", "{17172CC6-5E7F-47FC-940C-EE7969789B4D}"
EndProject
Project("{2150E333-8FDC-42A3-9474-1A3956D46DE8}") = "Samples", "Samples", "{6E6C2AB7-B4E7-4A7C-BAB4-8F3E51C39882}"
EndProject
Project("{2150E333-8FDC-42A3-9474-1A3956D46DE8}") = "Tests", "Tests", "{CDEB9938-5C22-441E-A5F3-6E2816CE1B56}"
EndProject
Project("{9A19103F-16F7-4668-BE54-9A1E7A4F7556}") = "Cornerstone.UnitTests", "Tests\Cornerstone.UnitTests\Cornerstone.UnitTests.csproj", "{6E684358-DB01-463E-AAD9-5C6ECCFE79B5}"
EndProject
Project("{9A19103F-16F7-4668-BE54-9A1E7A4F7556}") = "Cornerstone.PerformanceTests", "Tests\Cornerstone.PerformanceTests\Cornerstone.PerformanceTests.csproj", "{4F56224E-DC98-4A7D-9A35-8D9CAF13A871}"
EndProject
Project("{9A19103F-16F7-4668-BE54-9A1E7A4F7556}") = "Cornerstone.IntegrationTests", "Tests\Cornerstone.IntegrationTests\Cornerstone.IntegrationTests.csproj", "{DBE7626A-9241-4C17-95DB-0505C74AE617}"
EndProject
Project("{9A19103F-16F7-4668-BE54-9A1E7A4F7556}") = "Cornerstone.AutomationTests", "Tests\Cornerstone.AutomationTests\Cornerstone.AutomationTests.csproj", "{A43237AB-7BBF-476D-8FB3-A2A119CDCFFF}"
EndProject
Project("{9A19103F-16F7-4668-BE54-9A1E7A4F7556}") = "Sample.Client.Data.Sql", "Samples\Sample.Client.Data.Sql\Sample.Client.Data.Sql.csproj", "{93A22216-76BF-4151-B01F-276D50D41431}"
EndProject
Project("{9A19103F-16F7-4668-BE54-9A1E7A4F7556}") = "Sample.Client.Data.Sqlite", "Samples\Sample.Client.Data.Sqlite\Sample.Client.Data.Sqlite.csproj", "{49932DF4-F6C8-41BD-840D-6510F3D9A9E7}"
EndProject
Project("{9A19103F-16F7-4668-BE54-9A1E7A4F7556}") = "Sample.Server.Data", "Samples\Sample.Server.Data\Sample.Server.Data.csproj", "{B79C32B5-66BE-44A5-BBF3-6A7EF8B746F1}"
EndProject
Project("{9A19103F-16F7-4668-BE54-9A1E7A4F7556}") = "Sample.Server.Data.Sql", "Samples\Sample.Server.Data.Sql\Sample.Server.Data.Sql.csproj", "{569D3646-1350-4445-8414-3DDCEF81FA6E}"
EndProject
Project("{9A19103F-16F7-4668-BE54-9A1E7A4F7556}") = "Sample.Server.Data.Sqlite", "Samples\Sample.Server.Data.Sqlite\Sample.Server.Data.Sqlite.csproj", "{65CC74F5-E545-4CAC-992F-5F2406F3BDCE}"
EndProject
Project("{9A19103F-16F7-4668-BE54-9A1E7A4F7556}") = "Sample.Server.Website", "Samples\Sample.Server.Website\Sample.Server.Website.csproj", "{5C70B51F-D724-4012-B0F1-757EF1FCFBB7}"
EndProject
Project("{9A19103F-16F7-4668-BE54-9A1E7A4F7556}") = "Sample.Shared", "Samples\Sample.Shared\Sample.Shared.csproj", "{CFDCC775-B3C8-4F75-A44A-3C2AA6FD53DF}"
EndProject
Project("{9A19103F-16F7-4668-BE54-9A1E7A4F7556}") = "Avalonia.Sample", "Samples\Avalonia.Sample\Avalonia.Sample.csproj", "{BF56293A-1255-4729-B933-51BEB9E7F25E}"
EndProject
Project("{9A19103F-16F7-4668-BE54-9A1E7A4F7556}") = "Avalonia.Sample.Android", "Samples\Avalonia.Sample.Android\Avalonia.Sample.Android.csproj", "{3F9A35A3-3DFB-4F8E-BD57-46FD4E8AA8AA}"
EndProject
Project("{9A19103F-16F7-4668-BE54-9A1E7A4F7556}") = "Avalonia.Sample.Browser", "Samples\Avalonia.Sample.Browser\Avalonia.Sample.Browser.csproj", "{33E0D867-6C1C-4C61-83C6-3FCA301CE9C8}"
EndProject
Project("{9A19103F-16F7-4668-BE54-9A1E7A4F7556}") = "Avalonia.Sample.Desktop", "Samples\Avalonia.Sample.Desktop\Avalonia.Sample.Desktop.csproj", "{92E79876-A627-4628-B861-F62CE394A0D9}"
EndProject
Project("{9A19103F-16F7-4668-BE54-9A1E7A4F7556}") = "Avalonia.Sample.iOS", "Samples\Avalonia.Sample.iOS\Avalonia.Sample.iOS.csproj", "{3A70F5FD-FF6D-473C-A625-B6FF50464299}"
EndProject
Project("{2150E333-8FDC-42A3-9474-1A3956D46DE8}") = "Scripts", "Scripts", "{A5CE9816-DCFF-439F-9F25-B401E3EB79A9}"
	ProjectSection(SolutionItems) = preProject
		Build.ps1 = Build.ps1
		Scripts\Development.ps1 = Scripts\Development.ps1
		IncrementVersion.ps1 = IncrementVersion.ps1
		Publish.ps1 = Publish.ps1
	EndProjectSection
EndProject
Project("{9A19103F-16F7-4668-BE54-9A1E7A4F7556}") = "Cornerstone.Avalonia", "Cornerstone.Avalonia\Cornerstone.Avalonia.csproj", "{4B21765A-ECFF-46C2-8242-50EFB2B9CBC7}"
EndProject
Project("{9A19103F-16F7-4668-BE54-9A1E7A4F7556}") = "Cornerstone.Benchmark", "Tests\Cornerstone.Benchmark\Cornerstone.Benchmark.csproj", "{EF6B0EE7-5067-495C-BED2-FFD31DAC6B5B}"
EndProject
Project("{9A19103F-16F7-4668-BE54-9A1E7A4F7556}") = "Cornerstone.Avalonia.ColorPicker", "Cornerstone.Avalonia.ColorPicker\Cornerstone.Avalonia.ColorPicker.csproj", "{0E8327C6-F2CF-49CE-B08F-D04BBBA8055E}"
EndProject
Project("{9A19103F-16F7-4668-BE54-9A1E7A4F7556}") = "Cornerstone.Avalonia.DataGrid", "Cornerstone.Avalonia.DataGrid\Cornerstone.Avalonia.DataGrid.csproj", "{50252451-77F0-436C-BD5F-458B63DCF5B3}"
EndProject
Project("{9A19103F-16F7-4668-BE54-9A1E7A4F7556}") = "Cornerstone.Android", "Cornerstone.Android\Cornerstone.Android.csproj", "{60484375-34F1-4D98-AF0B-CD54AFAAD22F}"
EndProject
Project("{9A19103F-16F7-4668-BE54-9A1E7A4F7556}") = "Cornerstone.Avalonia.Android", "Cornerstone.Avalonia.Android\Cornerstone.Avalonia.Android.csproj", "{C8B6B1A6-4ACD-41D6-8C88-C3B26893D8B3}"
EndProject
Project("{9A19103F-16F7-4668-BE54-9A1E7A4F7556}") = "Cornerstone.Avalonia.Windows", "Cornerstone.Avalonia.Windows\Cornerstone.Avalonia.Windows.csproj", "{E3F97985-06A8-4160-89F2-B7FE577767AC}"
EndProject
Project("{9A19103F-16F7-4668-BE54-9A1E7A4F7556}") = "Microsoft.Web.WebView2.Core", "Microsoft.Web.WebView2.Core\Microsoft.Web.WebView2.Core.csproj", "{C7CD4372-228A-4CC5-87DC-5F1929811FE9}"
EndProject
Project("{9A19103F-16F7-4668-BE54-9A1E7A4F7556}") = "Cornerstone.Windows", "Cornerstone.Windows\Cornerstone.Windows.csproj", "{B10EAF59-C775-4BB6-9E29-C0473A5EDB90}"
EndProject
Global
	GlobalSection(SolutionConfigurationPlatforms) = preSolution
		Debug|Any CPU = Debug|Any CPU
		Debug|ARM = Debug|ARM
		Debug|ARM64 = Debug|ARM64
		Debug|x64 = Debug|x64
		Debug|x86 = Debug|x86
		Release|Any CPU = Release|Any CPU
		Release|ARM = Release|ARM
		Release|ARM64 = Release|ARM64
		Release|x64 = Release|x64
		Release|x86 = Release|x86
	EndGlobalSection
	GlobalSection(ProjectConfigurationPlatforms) = postSolution
		{AB22D417-A4FB-44E7-AF63-F93651C8C0F9}.Debug|Any CPU.ActiveCfg = Debug|Any CPU
		{AB22D417-A4FB-44E7-AF63-F93651C8C0F9}.Debug|Any CPU.Build.0 = Debug|Any CPU
		{AB22D417-A4FB-44E7-AF63-F93651C8C0F9}.Debug|ARM.ActiveCfg = Debug|Any CPU
		{AB22D417-A4FB-44E7-AF63-F93651C8C0F9}.Debug|ARM.Build.0 = Debug|Any CPU
		{AB22D417-A4FB-44E7-AF63-F93651C8C0F9}.Debug|ARM64.ActiveCfg = Debug|Any CPU
		{AB22D417-A4FB-44E7-AF63-F93651C8C0F9}.Debug|ARM64.Build.0 = Debug|Any CPU
		{AB22D417-A4FB-44E7-AF63-F93651C8C0F9}.Debug|x64.ActiveCfg = Debug|Any CPU
		{AB22D417-A4FB-44E7-AF63-F93651C8C0F9}.Debug|x64.Build.0 = Debug|Any CPU
		{AB22D417-A4FB-44E7-AF63-F93651C8C0F9}.Debug|x86.ActiveCfg = Debug|Any CPU
		{AB22D417-A4FB-44E7-AF63-F93651C8C0F9}.Debug|x86.Build.0 = Debug|Any CPU
		{AB22D417-A4FB-44E7-AF63-F93651C8C0F9}.Release|Any CPU.ActiveCfg = Release|Any CPU
		{AB22D417-A4FB-44E7-AF63-F93651C8C0F9}.Release|Any CPU.Build.0 = Release|Any CPU
		{AB22D417-A4FB-44E7-AF63-F93651C8C0F9}.Release|ARM.ActiveCfg = Release|Any CPU
		{AB22D417-A4FB-44E7-AF63-F93651C8C0F9}.Release|ARM.Build.0 = Release|Any CPU
		{AB22D417-A4FB-44E7-AF63-F93651C8C0F9}.Release|ARM64.ActiveCfg = Release|Any CPU
		{AB22D417-A4FB-44E7-AF63-F93651C8C0F9}.Release|ARM64.Build.0 = Release|Any CPU
		{AB22D417-A4FB-44E7-AF63-F93651C8C0F9}.Release|x64.ActiveCfg = Release|Any CPU
		{AB22D417-A4FB-44E7-AF63-F93651C8C0F9}.Release|x64.Build.0 = Release|Any CPU
		{AB22D417-A4FB-44E7-AF63-F93651C8C0F9}.Release|x86.ActiveCfg = Release|Any CPU
		{AB22D417-A4FB-44E7-AF63-F93651C8C0F9}.Release|x86.Build.0 = Release|Any CPU
		{45505721-A25D-4C35-8783-C80FCB79A185}.Debug|Any CPU.ActiveCfg = Debug|Any CPU
		{45505721-A25D-4C35-8783-C80FCB79A185}.Debug|Any CPU.Build.0 = Debug|Any CPU
		{45505721-A25D-4C35-8783-C80FCB79A185}.Debug|ARM.ActiveCfg = Debug|Any CPU
		{45505721-A25D-4C35-8783-C80FCB79A185}.Debug|ARM.Build.0 = Debug|Any CPU
		{45505721-A25D-4C35-8783-C80FCB79A185}.Debug|ARM64.ActiveCfg = Debug|Any CPU
		{45505721-A25D-4C35-8783-C80FCB79A185}.Debug|ARM64.Build.0 = Debug|Any CPU
		{45505721-A25D-4C35-8783-C80FCB79A185}.Debug|x64.ActiveCfg = Debug|Any CPU
		{45505721-A25D-4C35-8783-C80FCB79A185}.Debug|x64.Build.0 = Debug|Any CPU
		{45505721-A25D-4C35-8783-C80FCB79A185}.Debug|x86.ActiveCfg = Debug|Any CPU
		{45505721-A25D-4C35-8783-C80FCB79A185}.Debug|x86.Build.0 = Debug|Any CPU
		{45505721-A25D-4C35-8783-C80FCB79A185}.Release|Any CPU.ActiveCfg = Release|Any CPU
		{45505721-A25D-4C35-8783-C80FCB79A185}.Release|Any CPU.Build.0 = Release|Any CPU
		{45505721-A25D-4C35-8783-C80FCB79A185}.Release|ARM.ActiveCfg = Release|Any CPU
		{45505721-A25D-4C35-8783-C80FCB79A185}.Release|ARM.Build.0 = Release|Any CPU
		{45505721-A25D-4C35-8783-C80FCB79A185}.Release|ARM64.ActiveCfg = Release|Any CPU
		{45505721-A25D-4C35-8783-C80FCB79A185}.Release|ARM64.Build.0 = Release|Any CPU
		{45505721-A25D-4C35-8783-C80FCB79A185}.Release|x64.ActiveCfg = Release|Any CPU
		{45505721-A25D-4C35-8783-C80FCB79A185}.Release|x64.Build.0 = Release|Any CPU
		{45505721-A25D-4C35-8783-C80FCB79A185}.Release|x86.ActiveCfg = Release|Any CPU
		{45505721-A25D-4C35-8783-C80FCB79A185}.Release|x86.Build.0 = Release|Any CPU
		{A77FB94C-0C18-4E81-8FA7-B75CF11179FC}.Debug|Any CPU.ActiveCfg = Debug|Any CPU
		{A77FB94C-0C18-4E81-8FA7-B75CF11179FC}.Debug|Any CPU.Build.0 = Debug|Any CPU
		{A77FB94C-0C18-4E81-8FA7-B75CF11179FC}.Debug|ARM.ActiveCfg = Debug|Any CPU
		{A77FB94C-0C18-4E81-8FA7-B75CF11179FC}.Debug|ARM.Build.0 = Debug|Any CPU
		{A77FB94C-0C18-4E81-8FA7-B75CF11179FC}.Debug|ARM64.ActiveCfg = Debug|Any CPU
		{A77FB94C-0C18-4E81-8FA7-B75CF11179FC}.Debug|ARM64.Build.0 = Debug|Any CPU
		{A77FB94C-0C18-4E81-8FA7-B75CF11179FC}.Debug|x64.ActiveCfg = Debug|Any CPU
		{A77FB94C-0C18-4E81-8FA7-B75CF11179FC}.Debug|x64.Build.0 = Debug|Any CPU
		{A77FB94C-0C18-4E81-8FA7-B75CF11179FC}.Debug|x86.ActiveCfg = Debug|Any CPU
		{A77FB94C-0C18-4E81-8FA7-B75CF11179FC}.Debug|x86.Build.0 = Debug|Any CPU
		{A77FB94C-0C18-4E81-8FA7-B75CF11179FC}.Release|Any CPU.ActiveCfg = Release|Any CPU
		{A77FB94C-0C18-4E81-8FA7-B75CF11179FC}.Release|Any CPU.Build.0 = Release|Any CPU
		{A77FB94C-0C18-4E81-8FA7-B75CF11179FC}.Release|ARM.ActiveCfg = Release|Any CPU
		{A77FB94C-0C18-4E81-8FA7-B75CF11179FC}.Release|ARM.Build.0 = Release|Any CPU
		{A77FB94C-0C18-4E81-8FA7-B75CF11179FC}.Release|ARM64.ActiveCfg = Release|Any CPU
		{A77FB94C-0C18-4E81-8FA7-B75CF11179FC}.Release|ARM64.Build.0 = Release|Any CPU
		{A77FB94C-0C18-4E81-8FA7-B75CF11179FC}.Release|x64.ActiveCfg = Release|Any CPU
		{A77FB94C-0C18-4E81-8FA7-B75CF11179FC}.Release|x64.Build.0 = Release|Any CPU
		{A77FB94C-0C18-4E81-8FA7-B75CF11179FC}.Release|x86.ActiveCfg = Release|Any CPU
		{A77FB94C-0C18-4E81-8FA7-B75CF11179FC}.Release|x86.Build.0 = Release|Any CPU
		{968D4C48-474D-4456-BB2A-1396AE3841FF}.Debug|Any CPU.ActiveCfg = Debug|Any CPU
		{968D4C48-474D-4456-BB2A-1396AE3841FF}.Debug|Any CPU.Build.0 = Debug|Any CPU
		{968D4C48-474D-4456-BB2A-1396AE3841FF}.Debug|ARM.ActiveCfg = Debug|Any CPU
		{968D4C48-474D-4456-BB2A-1396AE3841FF}.Debug|ARM.Build.0 = Debug|Any CPU
		{968D4C48-474D-4456-BB2A-1396AE3841FF}.Debug|ARM64.ActiveCfg = Debug|Any CPU
		{968D4C48-474D-4456-BB2A-1396AE3841FF}.Debug|ARM64.Build.0 = Debug|Any CPU
		{968D4C48-474D-4456-BB2A-1396AE3841FF}.Debug|x64.ActiveCfg = Debug|Any CPU
		{968D4C48-474D-4456-BB2A-1396AE3841FF}.Debug|x64.Build.0 = Debug|Any CPU
		{968D4C48-474D-4456-BB2A-1396AE3841FF}.Debug|x86.ActiveCfg = Debug|Any CPU
		{968D4C48-474D-4456-BB2A-1396AE3841FF}.Debug|x86.Build.0 = Debug|Any CPU
		{968D4C48-474D-4456-BB2A-1396AE3841FF}.Release|Any CPU.ActiveCfg = Release|Any CPU
		{968D4C48-474D-4456-BB2A-1396AE3841FF}.Release|Any CPU.Build.0 = Release|Any CPU
		{968D4C48-474D-4456-BB2A-1396AE3841FF}.Release|ARM.ActiveCfg = Release|Any CPU
		{968D4C48-474D-4456-BB2A-1396AE3841FF}.Release|ARM.Build.0 = Release|Any CPU
		{968D4C48-474D-4456-BB2A-1396AE3841FF}.Release|ARM64.ActiveCfg = Release|Any CPU
		{968D4C48-474D-4456-BB2A-1396AE3841FF}.Release|ARM64.Build.0 = Release|Any CPU
		{968D4C48-474D-4456-BB2A-1396AE3841FF}.Release|x64.ActiveCfg = Release|Any CPU
		{968D4C48-474D-4456-BB2A-1396AE3841FF}.Release|x64.Build.0 = Release|Any CPU
		{968D4C48-474D-4456-BB2A-1396AE3841FF}.Release|x86.ActiveCfg = Release|Any CPU
		{968D4C48-474D-4456-BB2A-1396AE3841FF}.Release|x86.Build.0 = Release|Any CPU
		{F7968E50-B202-4284-9D73-E5CD6FC68DFC}.Debug|Any CPU.ActiveCfg = Debug|Any CPU
		{F7968E50-B202-4284-9D73-E5CD6FC68DFC}.Debug|Any CPU.Build.0 = Debug|Any CPU
		{F7968E50-B202-4284-9D73-E5CD6FC68DFC}.Debug|ARM.ActiveCfg = Debug|Any CPU
		{F7968E50-B202-4284-9D73-E5CD6FC68DFC}.Debug|ARM.Build.0 = Debug|Any CPU
		{F7968E50-B202-4284-9D73-E5CD6FC68DFC}.Debug|ARM64.ActiveCfg = Debug|Any CPU
		{F7968E50-B202-4284-9D73-E5CD6FC68DFC}.Debug|ARM64.Build.0 = Debug|Any CPU
		{F7968E50-B202-4284-9D73-E5CD6FC68DFC}.Debug|x64.ActiveCfg = Debug|Any CPU
		{F7968E50-B202-4284-9D73-E5CD6FC68DFC}.Debug|x64.Build.0 = Debug|Any CPU
		{F7968E50-B202-4284-9D73-E5CD6FC68DFC}.Debug|x86.ActiveCfg = Debug|Any CPU
		{F7968E50-B202-4284-9D73-E5CD6FC68DFC}.Debug|x86.Build.0 = Debug|Any CPU
		{F7968E50-B202-4284-9D73-E5CD6FC68DFC}.Release|Any CPU.ActiveCfg = Release|Any CPU
		{F7968E50-B202-4284-9D73-E5CD6FC68DFC}.Release|Any CPU.Build.0 = Release|Any CPU
		{F7968E50-B202-4284-9D73-E5CD6FC68DFC}.Release|ARM.ActiveCfg = Release|Any CPU
		{F7968E50-B202-4284-9D73-E5CD6FC68DFC}.Release|ARM.Build.0 = Release|Any CPU
		{F7968E50-B202-4284-9D73-E5CD6FC68DFC}.Release|ARM64.ActiveCfg = Release|Any CPU
		{F7968E50-B202-4284-9D73-E5CD6FC68DFC}.Release|ARM64.Build.0 = Release|Any CPU
		{F7968E50-B202-4284-9D73-E5CD6FC68DFC}.Release|x64.ActiveCfg = Release|Any CPU
		{F7968E50-B202-4284-9D73-E5CD6FC68DFC}.Release|x64.Build.0 = Release|Any CPU
		{F7968E50-B202-4284-9D73-E5CD6FC68DFC}.Release|x86.ActiveCfg = Release|Any CPU
		{F7968E50-B202-4284-9D73-E5CD6FC68DFC}.Release|x86.Build.0 = Release|Any CPU
		{4BAB23BE-117B-4DEE-AD35-0371974CE266}.Debug|Any CPU.ActiveCfg = Debug|Any CPU
		{4BAB23BE-117B-4DEE-AD35-0371974CE266}.Debug|Any CPU.Build.0 = Debug|Any CPU
		{4BAB23BE-117B-4DEE-AD35-0371974CE266}.Debug|ARM.ActiveCfg = Debug|Any CPU
		{4BAB23BE-117B-4DEE-AD35-0371974CE266}.Debug|ARM.Build.0 = Debug|Any CPU
		{4BAB23BE-117B-4DEE-AD35-0371974CE266}.Debug|ARM64.ActiveCfg = Debug|Any CPU
		{4BAB23BE-117B-4DEE-AD35-0371974CE266}.Debug|ARM64.Build.0 = Debug|Any CPU
		{4BAB23BE-117B-4DEE-AD35-0371974CE266}.Debug|x64.ActiveCfg = Debug|Any CPU
		{4BAB23BE-117B-4DEE-AD35-0371974CE266}.Debug|x64.Build.0 = Debug|Any CPU
		{4BAB23BE-117B-4DEE-AD35-0371974CE266}.Debug|x86.ActiveCfg = Debug|Any CPU
		{4BAB23BE-117B-4DEE-AD35-0371974CE266}.Debug|x86.Build.0 = Debug|Any CPU
		{4BAB23BE-117B-4DEE-AD35-0371974CE266}.Release|Any CPU.ActiveCfg = Release|Any CPU
		{4BAB23BE-117B-4DEE-AD35-0371974CE266}.Release|Any CPU.Build.0 = Release|Any CPU
		{4BAB23BE-117B-4DEE-AD35-0371974CE266}.Release|ARM.ActiveCfg = Release|Any CPU
		{4BAB23BE-117B-4DEE-AD35-0371974CE266}.Release|ARM.Build.0 = Release|Any CPU
		{4BAB23BE-117B-4DEE-AD35-0371974CE266}.Release|ARM64.ActiveCfg = Release|Any CPU
		{4BAB23BE-117B-4DEE-AD35-0371974CE266}.Release|ARM64.Build.0 = Release|Any CPU
		{4BAB23BE-117B-4DEE-AD35-0371974CE266}.Release|x64.ActiveCfg = Release|Any CPU
		{4BAB23BE-117B-4DEE-AD35-0371974CE266}.Release|x64.Build.0 = Release|Any CPU
		{4BAB23BE-117B-4DEE-AD35-0371974CE266}.Release|x86.ActiveCfg = Release|Any CPU
		{4BAB23BE-117B-4DEE-AD35-0371974CE266}.Release|x86.Build.0 = Release|Any CPU
		{17172CC6-5E7F-47FC-940C-EE7969789B4D}.Debug|Any CPU.ActiveCfg = Debug|Any CPU
		{17172CC6-5E7F-47FC-940C-EE7969789B4D}.Debug|Any CPU.Build.0 = Debug|Any CPU
		{17172CC6-5E7F-47FC-940C-EE7969789B4D}.Debug|ARM.ActiveCfg = Debug|Any CPU
		{17172CC6-5E7F-47FC-940C-EE7969789B4D}.Debug|ARM.Build.0 = Debug|Any CPU
		{17172CC6-5E7F-47FC-940C-EE7969789B4D}.Debug|ARM64.ActiveCfg = Debug|Any CPU
		{17172CC6-5E7F-47FC-940C-EE7969789B4D}.Debug|ARM64.Build.0 = Debug|Any CPU
		{17172CC6-5E7F-47FC-940C-EE7969789B4D}.Debug|x64.ActiveCfg = Debug|Any CPU
		{17172CC6-5E7F-47FC-940C-EE7969789B4D}.Debug|x64.Build.0 = Debug|Any CPU
		{17172CC6-5E7F-47FC-940C-EE7969789B4D}.Debug|x86.ActiveCfg = Debug|Any CPU
		{17172CC6-5E7F-47FC-940C-EE7969789B4D}.Debug|x86.Build.0 = Debug|Any CPU
		{17172CC6-5E7F-47FC-940C-EE7969789B4D}.Release|Any CPU.ActiveCfg = Release|Any CPU
		{17172CC6-5E7F-47FC-940C-EE7969789B4D}.Release|ARM.ActiveCfg = Release|Any CPU
		{17172CC6-5E7F-47FC-940C-EE7969789B4D}.Release|ARM.Build.0 = Release|Any CPU
		{17172CC6-5E7F-47FC-940C-EE7969789B4D}.Release|ARM64.ActiveCfg = Release|Any CPU
		{17172CC6-5E7F-47FC-940C-EE7969789B4D}.Release|ARM64.Build.0 = Release|Any CPU
		{17172CC6-5E7F-47FC-940C-EE7969789B4D}.Release|x64.ActiveCfg = Release|Any CPU
		{17172CC6-5E7F-47FC-940C-EE7969789B4D}.Release|x64.Build.0 = Release|Any CPU
		{17172CC6-5E7F-47FC-940C-EE7969789B4D}.Release|x86.ActiveCfg = Release|Any CPU
		{17172CC6-5E7F-47FC-940C-EE7969789B4D}.Release|x86.Build.0 = Release|Any CPU
		{6E684358-DB01-463E-AAD9-5C6ECCFE79B5}.Debug|Any CPU.ActiveCfg = Debug|Any CPU
		{6E684358-DB01-463E-AAD9-5C6ECCFE79B5}.Debug|Any CPU.Build.0 = Debug|Any CPU
		{6E684358-DB01-463E-AAD9-5C6ECCFE79B5}.Debug|ARM.ActiveCfg = Debug|Any CPU
		{6E684358-DB01-463E-AAD9-5C6ECCFE79B5}.Debug|ARM.Build.0 = Debug|Any CPU
		{6E684358-DB01-463E-AAD9-5C6ECCFE79B5}.Debug|ARM64.ActiveCfg = Debug|Any CPU
		{6E684358-DB01-463E-AAD9-5C6ECCFE79B5}.Debug|ARM64.Build.0 = Debug|Any CPU
		{6E684358-DB01-463E-AAD9-5C6ECCFE79B5}.Debug|x64.ActiveCfg = Debug|Any CPU
		{6E684358-DB01-463E-AAD9-5C6ECCFE79B5}.Debug|x64.Build.0 = Debug|Any CPU
		{6E684358-DB01-463E-AAD9-5C6ECCFE79B5}.Debug|x86.ActiveCfg = Debug|Any CPU
		{6E684358-DB01-463E-AAD9-5C6ECCFE79B5}.Debug|x86.Build.0 = Debug|Any CPU
		{6E684358-DB01-463E-AAD9-5C6ECCFE79B5}.Release|Any CPU.ActiveCfg = Release|Any CPU
		{6E684358-DB01-463E-AAD9-5C6ECCFE79B5}.Release|ARM.ActiveCfg = Release|Any CPU
		{6E684358-DB01-463E-AAD9-5C6ECCFE79B5}.Release|ARM.Build.0 = Release|Any CPU
		{6E684358-DB01-463E-AAD9-5C6ECCFE79B5}.Release|ARM64.ActiveCfg = Release|Any CPU
		{6E684358-DB01-463E-AAD9-5C6ECCFE79B5}.Release|ARM64.Build.0 = Release|Any CPU
		{6E684358-DB01-463E-AAD9-5C6ECCFE79B5}.Release|x64.ActiveCfg = Release|Any CPU
		{6E684358-DB01-463E-AAD9-5C6ECCFE79B5}.Release|x64.Build.0 = Release|Any CPU
		{6E684358-DB01-463E-AAD9-5C6ECCFE79B5}.Release|x86.ActiveCfg = Release|Any CPU
		{6E684358-DB01-463E-AAD9-5C6ECCFE79B5}.Release|x86.Build.0 = Release|Any CPU
		{4F56224E-DC98-4A7D-9A35-8D9CAF13A871}.Debug|Any CPU.ActiveCfg = Debug|Any CPU
		{4F56224E-DC98-4A7D-9A35-8D9CAF13A871}.Debug|Any CPU.Build.0 = Debug|Any CPU
		{4F56224E-DC98-4A7D-9A35-8D9CAF13A871}.Debug|ARM.ActiveCfg = Debug|Any CPU
		{4F56224E-DC98-4A7D-9A35-8D9CAF13A871}.Debug|ARM.Build.0 = Debug|Any CPU
		{4F56224E-DC98-4A7D-9A35-8D9CAF13A871}.Debug|ARM64.ActiveCfg = Debug|Any CPU
		{4F56224E-DC98-4A7D-9A35-8D9CAF13A871}.Debug|ARM64.Build.0 = Debug|Any CPU
		{4F56224E-DC98-4A7D-9A35-8D9CAF13A871}.Debug|x64.ActiveCfg = Debug|Any CPU
		{4F56224E-DC98-4A7D-9A35-8D9CAF13A871}.Debug|x64.Build.0 = Debug|Any CPU
		{4F56224E-DC98-4A7D-9A35-8D9CAF13A871}.Debug|x86.ActiveCfg = Debug|Any CPU
		{4F56224E-DC98-4A7D-9A35-8D9CAF13A871}.Debug|x86.Build.0 = Debug|Any CPU
		{4F56224E-DC98-4A7D-9A35-8D9CAF13A871}.Release|Any CPU.ActiveCfg = Release|Any CPU
		{4F56224E-DC98-4A7D-9A35-8D9CAF13A871}.Release|ARM.ActiveCfg = Release|Any CPU
		{4F56224E-DC98-4A7D-9A35-8D9CAF13A871}.Release|ARM.Build.0 = Release|Any CPU
		{4F56224E-DC98-4A7D-9A35-8D9CAF13A871}.Release|ARM64.ActiveCfg = Release|Any CPU
		{4F56224E-DC98-4A7D-9A35-8D9CAF13A871}.Release|ARM64.Build.0 = Release|Any CPU
		{4F56224E-DC98-4A7D-9A35-8D9CAF13A871}.Release|x64.ActiveCfg = Release|Any CPU
		{4F56224E-DC98-4A7D-9A35-8D9CAF13A871}.Release|x64.Build.0 = Release|Any CPU
		{4F56224E-DC98-4A7D-9A35-8D9CAF13A871}.Release|x86.ActiveCfg = Release|Any CPU
		{4F56224E-DC98-4A7D-9A35-8D9CAF13A871}.Release|x86.Build.0 = Release|Any CPU
		{DBE7626A-9241-4C17-95DB-0505C74AE617}.Debug|Any CPU.ActiveCfg = Debug|Any CPU
		{DBE7626A-9241-4C17-95DB-0505C74AE617}.Debug|Any CPU.Build.0 = Debug|Any CPU
		{DBE7626A-9241-4C17-95DB-0505C74AE617}.Debug|ARM.ActiveCfg = Debug|Any CPU
		{DBE7626A-9241-4C17-95DB-0505C74AE617}.Debug|ARM.Build.0 = Debug|Any CPU
		{DBE7626A-9241-4C17-95DB-0505C74AE617}.Debug|ARM64.ActiveCfg = Debug|Any CPU
		{DBE7626A-9241-4C17-95DB-0505C74AE617}.Debug|ARM64.Build.0 = Debug|Any CPU
		{DBE7626A-9241-4C17-95DB-0505C74AE617}.Debug|x64.ActiveCfg = Debug|Any CPU
		{DBE7626A-9241-4C17-95DB-0505C74AE617}.Debug|x64.Build.0 = Debug|Any CPU
		{DBE7626A-9241-4C17-95DB-0505C74AE617}.Debug|x86.ActiveCfg = Debug|Any CPU
		{DBE7626A-9241-4C17-95DB-0505C74AE617}.Debug|x86.Build.0 = Debug|Any CPU
		{DBE7626A-9241-4C17-95DB-0505C74AE617}.Release|Any CPU.ActiveCfg = Release|Any CPU
		{DBE7626A-9241-4C17-95DB-0505C74AE617}.Release|ARM.ActiveCfg = Release|Any CPU
		{DBE7626A-9241-4C17-95DB-0505C74AE617}.Release|ARM.Build.0 = Release|Any CPU
		{DBE7626A-9241-4C17-95DB-0505C74AE617}.Release|ARM64.ActiveCfg = Release|Any CPU
		{DBE7626A-9241-4C17-95DB-0505C74AE617}.Release|ARM64.Build.0 = Release|Any CPU
		{DBE7626A-9241-4C17-95DB-0505C74AE617}.Release|x64.ActiveCfg = Release|Any CPU
		{DBE7626A-9241-4C17-95DB-0505C74AE617}.Release|x64.Build.0 = Release|Any CPU
		{DBE7626A-9241-4C17-95DB-0505C74AE617}.Release|x86.ActiveCfg = Release|Any CPU
		{DBE7626A-9241-4C17-95DB-0505C74AE617}.Release|x86.Build.0 = Release|Any CPU
		{A43237AB-7BBF-476D-8FB3-A2A119CDCFFF}.Debug|Any CPU.ActiveCfg = Debug|Any CPU
		{A43237AB-7BBF-476D-8FB3-A2A119CDCFFF}.Debug|Any CPU.Build.0 = Debug|Any CPU
		{A43237AB-7BBF-476D-8FB3-A2A119CDCFFF}.Debug|ARM.ActiveCfg = Debug|Any CPU
		{A43237AB-7BBF-476D-8FB3-A2A119CDCFFF}.Debug|ARM.Build.0 = Debug|Any CPU
		{A43237AB-7BBF-476D-8FB3-A2A119CDCFFF}.Debug|ARM64.ActiveCfg = Debug|Any CPU
		{A43237AB-7BBF-476D-8FB3-A2A119CDCFFF}.Debug|ARM64.Build.0 = Debug|Any CPU
		{A43237AB-7BBF-476D-8FB3-A2A119CDCFFF}.Debug|x64.ActiveCfg = Debug|Any CPU
		{A43237AB-7BBF-476D-8FB3-A2A119CDCFFF}.Debug|x64.Build.0 = Debug|Any CPU
		{A43237AB-7BBF-476D-8FB3-A2A119CDCFFF}.Debug|x86.ActiveCfg = Debug|Any CPU
		{A43237AB-7BBF-476D-8FB3-A2A119CDCFFF}.Debug|x86.Build.0 = Debug|Any CPU
		{A43237AB-7BBF-476D-8FB3-A2A119CDCFFF}.Release|Any CPU.ActiveCfg = Release|Any CPU
		{A43237AB-7BBF-476D-8FB3-A2A119CDCFFF}.Release|ARM.ActiveCfg = Release|Any CPU
		{A43237AB-7BBF-476D-8FB3-A2A119CDCFFF}.Release|ARM.Build.0 = Release|Any CPU
		{A43237AB-7BBF-476D-8FB3-A2A119CDCFFF}.Release|ARM64.ActiveCfg = Release|Any CPU
		{A43237AB-7BBF-476D-8FB3-A2A119CDCFFF}.Release|ARM64.Build.0 = Release|Any CPU
		{A43237AB-7BBF-476D-8FB3-A2A119CDCFFF}.Release|x64.ActiveCfg = Release|Any CPU
		{A43237AB-7BBF-476D-8FB3-A2A119CDCFFF}.Release|x64.Build.0 = Release|Any CPU
		{A43237AB-7BBF-476D-8FB3-A2A119CDCFFF}.Release|x86.ActiveCfg = Release|Any CPU
		{A43237AB-7BBF-476D-8FB3-A2A119CDCFFF}.Release|x86.Build.0 = Release|Any CPU
		{93A22216-76BF-4151-B01F-276D50D41431}.Debug|Any CPU.ActiveCfg = Debug|Any CPU
		{93A22216-76BF-4151-B01F-276D50D41431}.Debug|Any CPU.Build.0 = Debug|Any CPU
		{93A22216-76BF-4151-B01F-276D50D41431}.Debug|ARM.ActiveCfg = Debug|Any CPU
		{93A22216-76BF-4151-B01F-276D50D41431}.Debug|ARM.Build.0 = Debug|Any CPU
		{93A22216-76BF-4151-B01F-276D50D41431}.Debug|ARM64.ActiveCfg = Debug|Any CPU
		{93A22216-76BF-4151-B01F-276D50D41431}.Debug|ARM64.Build.0 = Debug|Any CPU
		{93A22216-76BF-4151-B01F-276D50D41431}.Debug|x64.ActiveCfg = Debug|Any CPU
		{93A22216-76BF-4151-B01F-276D50D41431}.Debug|x64.Build.0 = Debug|Any CPU
		{93A22216-76BF-4151-B01F-276D50D41431}.Debug|x86.ActiveCfg = Debug|Any CPU
		{93A22216-76BF-4151-B01F-276D50D41431}.Debug|x86.Build.0 = Debug|Any CPU
		{93A22216-76BF-4151-B01F-276D50D41431}.Release|Any CPU.ActiveCfg = Release|Any CPU
		{93A22216-76BF-4151-B01F-276D50D41431}.Release|ARM.ActiveCfg = Release|Any CPU
		{93A22216-76BF-4151-B01F-276D50D41431}.Release|ARM.Build.0 = Release|Any CPU
		{93A22216-76BF-4151-B01F-276D50D41431}.Release|ARM64.ActiveCfg = Release|Any CPU
		{93A22216-76BF-4151-B01F-276D50D41431}.Release|ARM64.Build.0 = Release|Any CPU
		{93A22216-76BF-4151-B01F-276D50D41431}.Release|x64.ActiveCfg = Release|Any CPU
		{93A22216-76BF-4151-B01F-276D50D41431}.Release|x64.Build.0 = Release|Any CPU
		{93A22216-76BF-4151-B01F-276D50D41431}.Release|x86.ActiveCfg = Release|Any CPU
		{93A22216-76BF-4151-B01F-276D50D41431}.Release|x86.Build.0 = Release|Any CPU
		{49932DF4-F6C8-41BD-840D-6510F3D9A9E7}.Debug|Any CPU.ActiveCfg = Debug|Any CPU
		{49932DF4-F6C8-41BD-840D-6510F3D9A9E7}.Debug|Any CPU.Build.0 = Debug|Any CPU
		{49932DF4-F6C8-41BD-840D-6510F3D9A9E7}.Debug|ARM.ActiveCfg = Debug|Any CPU
		{49932DF4-F6C8-41BD-840D-6510F3D9A9E7}.Debug|ARM.Build.0 = Debug|Any CPU
		{49932DF4-F6C8-41BD-840D-6510F3D9A9E7}.Debug|ARM64.ActiveCfg = Debug|Any CPU
		{49932DF4-F6C8-41BD-840D-6510F3D9A9E7}.Debug|ARM64.Build.0 = Debug|Any CPU
		{49932DF4-F6C8-41BD-840D-6510F3D9A9E7}.Debug|x64.ActiveCfg = Debug|Any CPU
		{49932DF4-F6C8-41BD-840D-6510F3D9A9E7}.Debug|x64.Build.0 = Debug|Any CPU
		{49932DF4-F6C8-41BD-840D-6510F3D9A9E7}.Debug|x86.ActiveCfg = Debug|Any CPU
		{49932DF4-F6C8-41BD-840D-6510F3D9A9E7}.Debug|x86.Build.0 = Debug|Any CPU
		{49932DF4-F6C8-41BD-840D-6510F3D9A9E7}.Release|Any CPU.ActiveCfg = Release|Any CPU
		{49932DF4-F6C8-41BD-840D-6510F3D9A9E7}.Release|ARM.ActiveCfg = Release|Any CPU
		{49932DF4-F6C8-41BD-840D-6510F3D9A9E7}.Release|ARM.Build.0 = Release|Any CPU
		{49932DF4-F6C8-41BD-840D-6510F3D9A9E7}.Release|ARM64.ActiveCfg = Release|Any CPU
		{49932DF4-F6C8-41BD-840D-6510F3D9A9E7}.Release|ARM64.Build.0 = Release|Any CPU
		{49932DF4-F6C8-41BD-840D-6510F3D9A9E7}.Release|x64.ActiveCfg = Release|Any CPU
		{49932DF4-F6C8-41BD-840D-6510F3D9A9E7}.Release|x64.Build.0 = Release|Any CPU
		{49932DF4-F6C8-41BD-840D-6510F3D9A9E7}.Release|x86.ActiveCfg = Release|Any CPU
		{49932DF4-F6C8-41BD-840D-6510F3D9A9E7}.Release|x86.Build.0 = Release|Any CPU
		{B79C32B5-66BE-44A5-BBF3-6A7EF8B746F1}.Debug|Any CPU.ActiveCfg = Debug|Any CPU
		{B79C32B5-66BE-44A5-BBF3-6A7EF8B746F1}.Debug|Any CPU.Build.0 = Debug|Any CPU
		{B79C32B5-66BE-44A5-BBF3-6A7EF8B746F1}.Debug|ARM.ActiveCfg = Debug|Any CPU
		{B79C32B5-66BE-44A5-BBF3-6A7EF8B746F1}.Debug|ARM.Build.0 = Debug|Any CPU
		{B79C32B5-66BE-44A5-BBF3-6A7EF8B746F1}.Debug|ARM64.ActiveCfg = Debug|Any CPU
		{B79C32B5-66BE-44A5-BBF3-6A7EF8B746F1}.Debug|ARM64.Build.0 = Debug|Any CPU
		{B79C32B5-66BE-44A5-BBF3-6A7EF8B746F1}.Debug|x64.ActiveCfg = Debug|Any CPU
		{B79C32B5-66BE-44A5-BBF3-6A7EF8B746F1}.Debug|x64.Build.0 = Debug|Any CPU
		{B79C32B5-66BE-44A5-BBF3-6A7EF8B746F1}.Debug|x86.ActiveCfg = Debug|Any CPU
		{B79C32B5-66BE-44A5-BBF3-6A7EF8B746F1}.Debug|x86.Build.0 = Debug|Any CPU
		{B79C32B5-66BE-44A5-BBF3-6A7EF8B746F1}.Release|Any CPU.ActiveCfg = Release|Any CPU
		{B79C32B5-66BE-44A5-BBF3-6A7EF8B746F1}.Release|ARM.ActiveCfg = Release|Any CPU
		{B79C32B5-66BE-44A5-BBF3-6A7EF8B746F1}.Release|ARM.Build.0 = Release|Any CPU
		{B79C32B5-66BE-44A5-BBF3-6A7EF8B746F1}.Release|ARM64.ActiveCfg = Release|Any CPU
		{B79C32B5-66BE-44A5-BBF3-6A7EF8B746F1}.Release|ARM64.Build.0 = Release|Any CPU
		{B79C32B5-66BE-44A5-BBF3-6A7EF8B746F1}.Release|x64.ActiveCfg = Release|Any CPU
		{B79C32B5-66BE-44A5-BBF3-6A7EF8B746F1}.Release|x64.Build.0 = Release|Any CPU
		{B79C32B5-66BE-44A5-BBF3-6A7EF8B746F1}.Release|x86.ActiveCfg = Release|Any CPU
		{B79C32B5-66BE-44A5-BBF3-6A7EF8B746F1}.Release|x86.Build.0 = Release|Any CPU
		{569D3646-1350-4445-8414-3DDCEF81FA6E}.Debug|Any CPU.ActiveCfg = Debug|Any CPU
		{569D3646-1350-4445-8414-3DDCEF81FA6E}.Debug|Any CPU.Build.0 = Debug|Any CPU
		{569D3646-1350-4445-8414-3DDCEF81FA6E}.Debug|ARM.ActiveCfg = Debug|Any CPU
		{569D3646-1350-4445-8414-3DDCEF81FA6E}.Debug|ARM.Build.0 = Debug|Any CPU
		{569D3646-1350-4445-8414-3DDCEF81FA6E}.Debug|ARM64.ActiveCfg = Debug|Any CPU
		{569D3646-1350-4445-8414-3DDCEF81FA6E}.Debug|ARM64.Build.0 = Debug|Any CPU
		{569D3646-1350-4445-8414-3DDCEF81FA6E}.Debug|x64.ActiveCfg = Debug|Any CPU
		{569D3646-1350-4445-8414-3DDCEF81FA6E}.Debug|x64.Build.0 = Debug|Any CPU
		{569D3646-1350-4445-8414-3DDCEF81FA6E}.Debug|x86.ActiveCfg = Debug|Any CPU
		{569D3646-1350-4445-8414-3DDCEF81FA6E}.Debug|x86.Build.0 = Debug|Any CPU
		{569D3646-1350-4445-8414-3DDCEF81FA6E}.Release|Any CPU.ActiveCfg = Release|Any CPU
		{569D3646-1350-4445-8414-3DDCEF81FA6E}.Release|ARM.ActiveCfg = Release|Any CPU
		{569D3646-1350-4445-8414-3DDCEF81FA6E}.Release|ARM.Build.0 = Release|Any CPU
		{569D3646-1350-4445-8414-3DDCEF81FA6E}.Release|ARM64.ActiveCfg = Release|Any CPU
		{569D3646-1350-4445-8414-3DDCEF81FA6E}.Release|ARM64.Build.0 = Release|Any CPU
		{569D3646-1350-4445-8414-3DDCEF81FA6E}.Release|x64.ActiveCfg = Release|Any CPU
		{569D3646-1350-4445-8414-3DDCEF81FA6E}.Release|x64.Build.0 = Release|Any CPU
		{569D3646-1350-4445-8414-3DDCEF81FA6E}.Release|x86.ActiveCfg = Release|Any CPU
		{569D3646-1350-4445-8414-3DDCEF81FA6E}.Release|x86.Build.0 = Release|Any CPU
		{65CC74F5-E545-4CAC-992F-5F2406F3BDCE}.Debug|Any CPU.ActiveCfg = Debug|Any CPU
		{65CC74F5-E545-4CAC-992F-5F2406F3BDCE}.Debug|Any CPU.Build.0 = Debug|Any CPU
		{65CC74F5-E545-4CAC-992F-5F2406F3BDCE}.Debug|ARM.ActiveCfg = Debug|Any CPU
		{65CC74F5-E545-4CAC-992F-5F2406F3BDCE}.Debug|ARM.Build.0 = Debug|Any CPU
		{65CC74F5-E545-4CAC-992F-5F2406F3BDCE}.Debug|ARM64.ActiveCfg = Debug|Any CPU
		{65CC74F5-E545-4CAC-992F-5F2406F3BDCE}.Debug|ARM64.Build.0 = Debug|Any CPU
		{65CC74F5-E545-4CAC-992F-5F2406F3BDCE}.Debug|x64.ActiveCfg = Debug|Any CPU
		{65CC74F5-E545-4CAC-992F-5F2406F3BDCE}.Debug|x64.Build.0 = Debug|Any CPU
		{65CC74F5-E545-4CAC-992F-5F2406F3BDCE}.Debug|x86.ActiveCfg = Debug|Any CPU
		{65CC74F5-E545-4CAC-992F-5F2406F3BDCE}.Debug|x86.Build.0 = Debug|Any CPU
		{65CC74F5-E545-4CAC-992F-5F2406F3BDCE}.Release|Any CPU.ActiveCfg = Release|Any CPU
		{65CC74F5-E545-4CAC-992F-5F2406F3BDCE}.Release|ARM.ActiveCfg = Release|Any CPU
		{65CC74F5-E545-4CAC-992F-5F2406F3BDCE}.Release|ARM.Build.0 = Release|Any CPU
		{65CC74F5-E545-4CAC-992F-5F2406F3BDCE}.Release|ARM64.ActiveCfg = Release|Any CPU
		{65CC74F5-E545-4CAC-992F-5F2406F3BDCE}.Release|ARM64.Build.0 = Release|Any CPU
		{65CC74F5-E545-4CAC-992F-5F2406F3BDCE}.Release|x64.ActiveCfg = Release|Any CPU
		{65CC74F5-E545-4CAC-992F-5F2406F3BDCE}.Release|x64.Build.0 = Release|Any CPU
		{65CC74F5-E545-4CAC-992F-5F2406F3BDCE}.Release|x86.ActiveCfg = Release|Any CPU
		{65CC74F5-E545-4CAC-992F-5F2406F3BDCE}.Release|x86.Build.0 = Release|Any CPU
		{5C70B51F-D724-4012-B0F1-757EF1FCFBB7}.Debug|Any CPU.ActiveCfg = Debug|Any CPU
		{5C70B51F-D724-4012-B0F1-757EF1FCFBB7}.Debug|Any CPU.Build.0 = Debug|Any CPU
		{5C70B51F-D724-4012-B0F1-757EF1FCFBB7}.Debug|ARM.ActiveCfg = Debug|Any CPU
		{5C70B51F-D724-4012-B0F1-757EF1FCFBB7}.Debug|ARM.Build.0 = Debug|Any CPU
		{5C70B51F-D724-4012-B0F1-757EF1FCFBB7}.Debug|ARM64.ActiveCfg = Debug|Any CPU
		{5C70B51F-D724-4012-B0F1-757EF1FCFBB7}.Debug|ARM64.Build.0 = Debug|Any CPU
		{5C70B51F-D724-4012-B0F1-757EF1FCFBB7}.Debug|x64.ActiveCfg = Debug|Any CPU
		{5C70B51F-D724-4012-B0F1-757EF1FCFBB7}.Debug|x64.Build.0 = Debug|Any CPU
		{5C70B51F-D724-4012-B0F1-757EF1FCFBB7}.Debug|x86.ActiveCfg = Debug|Any CPU
		{5C70B51F-D724-4012-B0F1-757EF1FCFBB7}.Debug|x86.Build.0 = Debug|Any CPU
		{5C70B51F-D724-4012-B0F1-757EF1FCFBB7}.Release|Any CPU.ActiveCfg = Release|Any CPU
		{5C70B51F-D724-4012-B0F1-757EF1FCFBB7}.Release|ARM.ActiveCfg = Release|Any CPU
		{5C70B51F-D724-4012-B0F1-757EF1FCFBB7}.Release|ARM.Build.0 = Release|Any CPU
		{5C70B51F-D724-4012-B0F1-757EF1FCFBB7}.Release|ARM64.ActiveCfg = Release|Any CPU
		{5C70B51F-D724-4012-B0F1-757EF1FCFBB7}.Release|ARM64.Build.0 = Release|Any CPU
		{5C70B51F-D724-4012-B0F1-757EF1FCFBB7}.Release|x64.ActiveCfg = Release|Any CPU
		{5C70B51F-D724-4012-B0F1-757EF1FCFBB7}.Release|x64.Build.0 = Release|Any CPU
		{5C70B51F-D724-4012-B0F1-757EF1FCFBB7}.Release|x86.ActiveCfg = Release|Any CPU
		{5C70B51F-D724-4012-B0F1-757EF1FCFBB7}.Release|x86.Build.0 = Release|Any CPU
		{CFDCC775-B3C8-4F75-A44A-3C2AA6FD53DF}.Debug|Any CPU.ActiveCfg = Debug|Any CPU
		{CFDCC775-B3C8-4F75-A44A-3C2AA6FD53DF}.Debug|Any CPU.Build.0 = Debug|Any CPU
		{CFDCC775-B3C8-4F75-A44A-3C2AA6FD53DF}.Debug|ARM.ActiveCfg = Debug|Any CPU
		{CFDCC775-B3C8-4F75-A44A-3C2AA6FD53DF}.Debug|ARM.Build.0 = Debug|Any CPU
		{CFDCC775-B3C8-4F75-A44A-3C2AA6FD53DF}.Debug|ARM64.ActiveCfg = Debug|Any CPU
		{CFDCC775-B3C8-4F75-A44A-3C2AA6FD53DF}.Debug|ARM64.Build.0 = Debug|Any CPU
		{CFDCC775-B3C8-4F75-A44A-3C2AA6FD53DF}.Debug|x64.ActiveCfg = Debug|Any CPU
		{CFDCC775-B3C8-4F75-A44A-3C2AA6FD53DF}.Debug|x64.Build.0 = Debug|Any CPU
		{CFDCC775-B3C8-4F75-A44A-3C2AA6FD53DF}.Debug|x86.ActiveCfg = Debug|Any CPU
		{CFDCC775-B3C8-4F75-A44A-3C2AA6FD53DF}.Debug|x86.Build.0 = Debug|Any CPU
		{CFDCC775-B3C8-4F75-A44A-3C2AA6FD53DF}.Release|Any CPU.ActiveCfg = Release|Any CPU
		{CFDCC775-B3C8-4F75-A44A-3C2AA6FD53DF}.Release|ARM.ActiveCfg = Release|Any CPU
		{CFDCC775-B3C8-4F75-A44A-3C2AA6FD53DF}.Release|ARM.Build.0 = Release|Any CPU
		{CFDCC775-B3C8-4F75-A44A-3C2AA6FD53DF}.Release|ARM64.ActiveCfg = Release|Any CPU
		{CFDCC775-B3C8-4F75-A44A-3C2AA6FD53DF}.Release|ARM64.Build.0 = Release|Any CPU
		{CFDCC775-B3C8-4F75-A44A-3C2AA6FD53DF}.Release|x64.ActiveCfg = Release|Any CPU
		{CFDCC775-B3C8-4F75-A44A-3C2AA6FD53DF}.Release|x64.Build.0 = Release|Any CPU
		{CFDCC775-B3C8-4F75-A44A-3C2AA6FD53DF}.Release|x86.ActiveCfg = Release|Any CPU
		{CFDCC775-B3C8-4F75-A44A-3C2AA6FD53DF}.Release|x86.Build.0 = Release|Any CPU
		{BF56293A-1255-4729-B933-51BEB9E7F25E}.Debug|Any CPU.ActiveCfg = Debug|Any CPU
		{BF56293A-1255-4729-B933-51BEB9E7F25E}.Debug|Any CPU.Build.0 = Debug|Any CPU
		{BF56293A-1255-4729-B933-51BEB9E7F25E}.Debug|ARM.ActiveCfg = Debug|Any CPU
		{BF56293A-1255-4729-B933-51BEB9E7F25E}.Debug|ARM.Build.0 = Debug|Any CPU
		{BF56293A-1255-4729-B933-51BEB9E7F25E}.Debug|ARM64.ActiveCfg = Debug|Any CPU
		{BF56293A-1255-4729-B933-51BEB9E7F25E}.Debug|ARM64.Build.0 = Debug|Any CPU
		{BF56293A-1255-4729-B933-51BEB9E7F25E}.Debug|x64.ActiveCfg = Debug|Any CPU
		{BF56293A-1255-4729-B933-51BEB9E7F25E}.Debug|x64.Build.0 = Debug|Any CPU
		{BF56293A-1255-4729-B933-51BEB9E7F25E}.Debug|x86.ActiveCfg = Debug|Any CPU
		{BF56293A-1255-4729-B933-51BEB9E7F25E}.Debug|x86.Build.0 = Debug|Any CPU
		{BF56293A-1255-4729-B933-51BEB9E7F25E}.Release|Any CPU.ActiveCfg = Release|Any CPU
		{BF56293A-1255-4729-B933-51BEB9E7F25E}.Release|Any CPU.Build.0 = Release|Any CPU
		{BF56293A-1255-4729-B933-51BEB9E7F25E}.Release|ARM.ActiveCfg = Release|Any CPU
		{BF56293A-1255-4729-B933-51BEB9E7F25E}.Release|ARM.Build.0 = Release|Any CPU
		{BF56293A-1255-4729-B933-51BEB9E7F25E}.Release|ARM64.ActiveCfg = Release|Any CPU
		{BF56293A-1255-4729-B933-51BEB9E7F25E}.Release|ARM64.Build.0 = Release|Any CPU
		{BF56293A-1255-4729-B933-51BEB9E7F25E}.Release|x64.ActiveCfg = Release|Any CPU
		{BF56293A-1255-4729-B933-51BEB9E7F25E}.Release|x64.Build.0 = Release|Any CPU
		{BF56293A-1255-4729-B933-51BEB9E7F25E}.Release|x86.ActiveCfg = Release|Any CPU
		{BF56293A-1255-4729-B933-51BEB9E7F25E}.Release|x86.Build.0 = Release|Any CPU
		{3F9A35A3-3DFB-4F8E-BD57-46FD4E8AA8AA}.Debug|Any CPU.ActiveCfg = Debug|Any CPU
		{3F9A35A3-3DFB-4F8E-BD57-46FD4E8AA8AA}.Debug|Any CPU.Build.0 = Debug|Any CPU
		{3F9A35A3-3DFB-4F8E-BD57-46FD4E8AA8AA}.Debug|Any CPU.Deploy.0 = Debug|Any CPU
		{3F9A35A3-3DFB-4F8E-BD57-46FD4E8AA8AA}.Debug|ARM.ActiveCfg = Debug|Any CPU
		{3F9A35A3-3DFB-4F8E-BD57-46FD4E8AA8AA}.Debug|ARM.Build.0 = Debug|Any CPU
		{3F9A35A3-3DFB-4F8E-BD57-46FD4E8AA8AA}.Debug|ARM.Deploy.0 = Debug|Any CPU
		{3F9A35A3-3DFB-4F8E-BD57-46FD4E8AA8AA}.Debug|ARM64.ActiveCfg = Debug|Any CPU
		{3F9A35A3-3DFB-4F8E-BD57-46FD4E8AA8AA}.Debug|ARM64.Build.0 = Debug|Any CPU
		{3F9A35A3-3DFB-4F8E-BD57-46FD4E8AA8AA}.Debug|ARM64.Deploy.0 = Debug|Any CPU
		{3F9A35A3-3DFB-4F8E-BD57-46FD4E8AA8AA}.Debug|x64.ActiveCfg = Debug|Any CPU
		{3F9A35A3-3DFB-4F8E-BD57-46FD4E8AA8AA}.Debug|x64.Build.0 = Debug|Any CPU
		{3F9A35A3-3DFB-4F8E-BD57-46FD4E8AA8AA}.Debug|x64.Deploy.0 = Debug|Any CPU
		{3F9A35A3-3DFB-4F8E-BD57-46FD4E8AA8AA}.Debug|x86.ActiveCfg = Debug|Any CPU
		{3F9A35A3-3DFB-4F8E-BD57-46FD4E8AA8AA}.Debug|x86.Build.0 = Debug|Any CPU
		{3F9A35A3-3DFB-4F8E-BD57-46FD4E8AA8AA}.Debug|x86.Deploy.0 = Debug|Any CPU
		{3F9A35A3-3DFB-4F8E-BD57-46FD4E8AA8AA}.Release|Any CPU.ActiveCfg = Release|Any CPU
		{3F9A35A3-3DFB-4F8E-BD57-46FD4E8AA8AA}.Release|Any CPU.Build.0 = Release|Any CPU
		{3F9A35A3-3DFB-4F8E-BD57-46FD4E8AA8AA}.Release|Any CPU.Deploy.0 = Release|Any CPU
		{3F9A35A3-3DFB-4F8E-BD57-46FD4E8AA8AA}.Release|ARM.ActiveCfg = Release|Any CPU
		{3F9A35A3-3DFB-4F8E-BD57-46FD4E8AA8AA}.Release|ARM.Build.0 = Release|Any CPU
		{3F9A35A3-3DFB-4F8E-BD57-46FD4E8AA8AA}.Release|ARM.Deploy.0 = Release|Any CPU
		{3F9A35A3-3DFB-4F8E-BD57-46FD4E8AA8AA}.Release|ARM64.ActiveCfg = Release|Any CPU
		{3F9A35A3-3DFB-4F8E-BD57-46FD4E8AA8AA}.Release|ARM64.Build.0 = Release|Any CPU
		{3F9A35A3-3DFB-4F8E-BD57-46FD4E8AA8AA}.Release|ARM64.Deploy.0 = Release|Any CPU
		{3F9A35A3-3DFB-4F8E-BD57-46FD4E8AA8AA}.Release|x64.ActiveCfg = Release|Any CPU
		{3F9A35A3-3DFB-4F8E-BD57-46FD4E8AA8AA}.Release|x64.Build.0 = Release|Any CPU
		{3F9A35A3-3DFB-4F8E-BD57-46FD4E8AA8AA}.Release|x64.Deploy.0 = Release|Any CPU
		{3F9A35A3-3DFB-4F8E-BD57-46FD4E8AA8AA}.Release|x86.ActiveCfg = Release|Any CPU
		{3F9A35A3-3DFB-4F8E-BD57-46FD4E8AA8AA}.Release|x86.Build.0 = Release|Any CPU
		{3F9A35A3-3DFB-4F8E-BD57-46FD4E8AA8AA}.Release|x86.Deploy.0 = Release|Any CPU
		{33E0D867-6C1C-4C61-83C6-3FCA301CE9C8}.Debug|Any CPU.ActiveCfg = Debug|Any CPU
		{33E0D867-6C1C-4C61-83C6-3FCA301CE9C8}.Debug|Any CPU.Build.0 = Debug|Any CPU
		{33E0D867-6C1C-4C61-83C6-3FCA301CE9C8}.Debug|ARM.ActiveCfg = Debug|Any CPU
		{33E0D867-6C1C-4C61-83C6-3FCA301CE9C8}.Debug|ARM.Build.0 = Debug|Any CPU
		{33E0D867-6C1C-4C61-83C6-3FCA301CE9C8}.Debug|ARM64.ActiveCfg = Debug|Any CPU
		{33E0D867-6C1C-4C61-83C6-3FCA301CE9C8}.Debug|ARM64.Build.0 = Debug|Any CPU
		{33E0D867-6C1C-4C61-83C6-3FCA301CE9C8}.Debug|x64.ActiveCfg = Debug|Any CPU
		{33E0D867-6C1C-4C61-83C6-3FCA301CE9C8}.Debug|x64.Build.0 = Debug|Any CPU
		{33E0D867-6C1C-4C61-83C6-3FCA301CE9C8}.Debug|x86.ActiveCfg = Debug|Any CPU
		{33E0D867-6C1C-4C61-83C6-3FCA301CE9C8}.Debug|x86.Build.0 = Debug|Any CPU
		{33E0D867-6C1C-4C61-83C6-3FCA301CE9C8}.Release|Any CPU.ActiveCfg = Release|Any CPU
		{33E0D867-6C1C-4C61-83C6-3FCA301CE9C8}.Release|Any CPU.Build.0 = Release|Any CPU
		{33E0D867-6C1C-4C61-83C6-3FCA301CE9C8}.Release|ARM.ActiveCfg = Release|Any CPU
		{33E0D867-6C1C-4C61-83C6-3FCA301CE9C8}.Release|ARM.Build.0 = Release|Any CPU
		{33E0D867-6C1C-4C61-83C6-3FCA301CE9C8}.Release|ARM64.ActiveCfg = Release|Any CPU
		{33E0D867-6C1C-4C61-83C6-3FCA301CE9C8}.Release|ARM64.Build.0 = Release|Any CPU
		{33E0D867-6C1C-4C61-83C6-3FCA301CE9C8}.Release|x64.ActiveCfg = Release|Any CPU
		{33E0D867-6C1C-4C61-83C6-3FCA301CE9C8}.Release|x64.Build.0 = Release|Any CPU
		{33E0D867-6C1C-4C61-83C6-3FCA301CE9C8}.Release|x86.ActiveCfg = Release|Any CPU
		{33E0D867-6C1C-4C61-83C6-3FCA301CE9C8}.Release|x86.Build.0 = Release|Any CPU
		{92E79876-A627-4628-B861-F62CE394A0D9}.Debug|Any CPU.ActiveCfg = Debug|Any CPU
		{92E79876-A627-4628-B861-F62CE394A0D9}.Debug|Any CPU.Build.0 = Debug|Any CPU
		{92E79876-A627-4628-B861-F62CE394A0D9}.Debug|ARM.ActiveCfg = Debug|Any CPU
		{92E79876-A627-4628-B861-F62CE394A0D9}.Debug|ARM.Build.0 = Debug|Any CPU
		{92E79876-A627-4628-B861-F62CE394A0D9}.Debug|ARM64.ActiveCfg = Debug|Any CPU
		{92E79876-A627-4628-B861-F62CE394A0D9}.Debug|ARM64.Build.0 = Debug|Any CPU
		{92E79876-A627-4628-B861-F62CE394A0D9}.Debug|x64.ActiveCfg = Debug|Any CPU
		{92E79876-A627-4628-B861-F62CE394A0D9}.Debug|x64.Build.0 = Debug|Any CPU
		{92E79876-A627-4628-B861-F62CE394A0D9}.Debug|x86.ActiveCfg = Debug|Any CPU
		{92E79876-A627-4628-B861-F62CE394A0D9}.Debug|x86.Build.0 = Debug|Any CPU
		{92E79876-A627-4628-B861-F62CE394A0D9}.Release|Any CPU.ActiveCfg = Release|Any CPU
		{92E79876-A627-4628-B861-F62CE394A0D9}.Release|Any CPU.Build.0 = Release|Any CPU
		{92E79876-A627-4628-B861-F62CE394A0D9}.Release|ARM.ActiveCfg = Release|Any CPU
		{92E79876-A627-4628-B861-F62CE394A0D9}.Release|ARM.Build.0 = Release|Any CPU
		{92E79876-A627-4628-B861-F62CE394A0D9}.Release|ARM64.ActiveCfg = Release|Any CPU
		{92E79876-A627-4628-B861-F62CE394A0D9}.Release|ARM64.Build.0 = Release|Any CPU
		{92E79876-A627-4628-B861-F62CE394A0D9}.Release|x64.ActiveCfg = Release|Any CPU
		{92E79876-A627-4628-B861-F62CE394A0D9}.Release|x64.Build.0 = Release|Any CPU
		{92E79876-A627-4628-B861-F62CE394A0D9}.Release|x86.ActiveCfg = Release|Any CPU
		{92E79876-A627-4628-B861-F62CE394A0D9}.Release|x86.Build.0 = Release|Any CPU
		{3A70F5FD-FF6D-473C-A625-B6FF50464299}.Debug|Any CPU.ActiveCfg = Debug|Any CPU
		{3A70F5FD-FF6D-473C-A625-B6FF50464299}.Debug|Any CPU.Build.0 = Debug|Any CPU
		{3A70F5FD-FF6D-473C-A625-B6FF50464299}.Debug|Any CPU.Deploy.0 = Debug|Any CPU
		{3A70F5FD-FF6D-473C-A625-B6FF50464299}.Debug|ARM.ActiveCfg = Debug|Any CPU
		{3A70F5FD-FF6D-473C-A625-B6FF50464299}.Debug|ARM.Build.0 = Debug|Any CPU
		{3A70F5FD-FF6D-473C-A625-B6FF50464299}.Debug|ARM.Deploy.0 = Debug|Any CPU
		{3A70F5FD-FF6D-473C-A625-B6FF50464299}.Debug|ARM64.ActiveCfg = Debug|Any CPU
		{3A70F5FD-FF6D-473C-A625-B6FF50464299}.Debug|ARM64.Build.0 = Debug|Any CPU
		{3A70F5FD-FF6D-473C-A625-B6FF50464299}.Debug|ARM64.Deploy.0 = Debug|Any CPU
		{3A70F5FD-FF6D-473C-A625-B6FF50464299}.Debug|x64.ActiveCfg = Debug|Any CPU
		{3A70F5FD-FF6D-473C-A625-B6FF50464299}.Debug|x64.Build.0 = Debug|Any CPU
		{3A70F5FD-FF6D-473C-A625-B6FF50464299}.Debug|x64.Deploy.0 = Debug|Any CPU
		{3A70F5FD-FF6D-473C-A625-B6FF50464299}.Debug|x86.ActiveCfg = Debug|Any CPU
		{3A70F5FD-FF6D-473C-A625-B6FF50464299}.Debug|x86.Build.0 = Debug|Any CPU
		{3A70F5FD-FF6D-473C-A625-B6FF50464299}.Debug|x86.Deploy.0 = Debug|Any CPU
		{3A70F5FD-FF6D-473C-A625-B6FF50464299}.Release|Any CPU.ActiveCfg = Release|Any CPU
		{3A70F5FD-FF6D-473C-A625-B6FF50464299}.Release|Any CPU.Build.0 = Release|Any CPU
		{3A70F5FD-FF6D-473C-A625-B6FF50464299}.Release|Any CPU.Deploy.0 = Release|Any CPU
		{3A70F5FD-FF6D-473C-A625-B6FF50464299}.Release|ARM.ActiveCfg = Release|Any CPU
		{3A70F5FD-FF6D-473C-A625-B6FF50464299}.Release|ARM.Build.0 = Release|Any CPU
		{3A70F5FD-FF6D-473C-A625-B6FF50464299}.Release|ARM.Deploy.0 = Release|Any CPU
		{3A70F5FD-FF6D-473C-A625-B6FF50464299}.Release|ARM64.ActiveCfg = Release|Any CPU
		{3A70F5FD-FF6D-473C-A625-B6FF50464299}.Release|ARM64.Build.0 = Release|Any CPU
		{3A70F5FD-FF6D-473C-A625-B6FF50464299}.Release|ARM64.Deploy.0 = Release|Any CPU
		{3A70F5FD-FF6D-473C-A625-B6FF50464299}.Release|x64.ActiveCfg = Release|Any CPU
		{3A70F5FD-FF6D-473C-A625-B6FF50464299}.Release|x64.Build.0 = Release|Any CPU
		{3A70F5FD-FF6D-473C-A625-B6FF50464299}.Release|x64.Deploy.0 = Release|Any CPU
		{3A70F5FD-FF6D-473C-A625-B6FF50464299}.Release|x86.ActiveCfg = Release|Any CPU
		{3A70F5FD-FF6D-473C-A625-B6FF50464299}.Release|x86.Build.0 = Release|Any CPU
		{3A70F5FD-FF6D-473C-A625-B6FF50464299}.Release|x86.Deploy.0 = Release|Any CPU
		{4B21765A-ECFF-46C2-8242-50EFB2B9CBC7}.Debug|Any CPU.ActiveCfg = Debug|Any CPU
		{4B21765A-ECFF-46C2-8242-50EFB2B9CBC7}.Debug|Any CPU.Build.0 = Debug|Any CPU
		{4B21765A-ECFF-46C2-8242-50EFB2B9CBC7}.Debug|ARM.ActiveCfg = Debug|Any CPU
		{4B21765A-ECFF-46C2-8242-50EFB2B9CBC7}.Debug|ARM.Build.0 = Debug|Any CPU
		{4B21765A-ECFF-46C2-8242-50EFB2B9CBC7}.Debug|ARM64.ActiveCfg = Debug|Any CPU
		{4B21765A-ECFF-46C2-8242-50EFB2B9CBC7}.Debug|ARM64.Build.0 = Debug|Any CPU
		{4B21765A-ECFF-46C2-8242-50EFB2B9CBC7}.Debug|x64.ActiveCfg = Debug|Any CPU
		{4B21765A-ECFF-46C2-8242-50EFB2B9CBC7}.Debug|x64.Build.0 = Debug|Any CPU
		{4B21765A-ECFF-46C2-8242-50EFB2B9CBC7}.Debug|x86.ActiveCfg = Debug|Any CPU
		{4B21765A-ECFF-46C2-8242-50EFB2B9CBC7}.Debug|x86.Build.0 = Debug|Any CPU
		{4B21765A-ECFF-46C2-8242-50EFB2B9CBC7}.Release|Any CPU.ActiveCfg = Release|Any CPU
		{4B21765A-ECFF-46C2-8242-50EFB2B9CBC7}.Release|Any CPU.Build.0 = Release|Any CPU
		{4B21765A-ECFF-46C2-8242-50EFB2B9CBC7}.Release|ARM.ActiveCfg = Release|Any CPU
		{4B21765A-ECFF-46C2-8242-50EFB2B9CBC7}.Release|ARM.Build.0 = Release|Any CPU
		{4B21765A-ECFF-46C2-8242-50EFB2B9CBC7}.Release|ARM64.ActiveCfg = Release|Any CPU
		{4B21765A-ECFF-46C2-8242-50EFB2B9CBC7}.Release|ARM64.Build.0 = Release|Any CPU
		{4B21765A-ECFF-46C2-8242-50EFB2B9CBC7}.Release|x64.ActiveCfg = Release|Any CPU
		{4B21765A-ECFF-46C2-8242-50EFB2B9CBC7}.Release|x64.Build.0 = Release|Any CPU
		{4B21765A-ECFF-46C2-8242-50EFB2B9CBC7}.Release|x86.ActiveCfg = Release|Any CPU
		{4B21765A-ECFF-46C2-8242-50EFB2B9CBC7}.Release|x86.Build.0 = Release|Any CPU
		{EF6B0EE7-5067-495C-BED2-FFD31DAC6B5B}.Debug|Any CPU.ActiveCfg = Debug|Any CPU
		{EF6B0EE7-5067-495C-BED2-FFD31DAC6B5B}.Debug|Any CPU.Build.0 = Debug|Any CPU
		{EF6B0EE7-5067-495C-BED2-FFD31DAC6B5B}.Debug|ARM.ActiveCfg = Debug|Any CPU
		{EF6B0EE7-5067-495C-BED2-FFD31DAC6B5B}.Debug|ARM.Build.0 = Debug|Any CPU
		{EF6B0EE7-5067-495C-BED2-FFD31DAC6B5B}.Debug|ARM64.ActiveCfg = Debug|Any CPU
		{EF6B0EE7-5067-495C-BED2-FFD31DAC6B5B}.Debug|ARM64.Build.0 = Debug|Any CPU
		{EF6B0EE7-5067-495C-BED2-FFD31DAC6B5B}.Debug|x64.ActiveCfg = Debug|Any CPU
		{EF6B0EE7-5067-495C-BED2-FFD31DAC6B5B}.Debug|x64.Build.0 = Debug|Any CPU
		{EF6B0EE7-5067-495C-BED2-FFD31DAC6B5B}.Debug|x86.ActiveCfg = Debug|Any CPU
		{EF6B0EE7-5067-495C-BED2-FFD31DAC6B5B}.Debug|x86.Build.0 = Debug|Any CPU
		{EF6B0EE7-5067-495C-BED2-FFD31DAC6B5B}.Release|Any CPU.ActiveCfg = Release|Any CPU
		{EF6B0EE7-5067-495C-BED2-FFD31DAC6B5B}.Release|Any CPU.Build.0 = Release|Any CPU
		{EF6B0EE7-5067-495C-BED2-FFD31DAC6B5B}.Release|ARM.ActiveCfg = Release|Any CPU
		{EF6B0EE7-5067-495C-BED2-FFD31DAC6B5B}.Release|ARM.Build.0 = Release|Any CPU
		{EF6B0EE7-5067-495C-BED2-FFD31DAC6B5B}.Release|ARM64.ActiveCfg = Release|Any CPU
		{EF6B0EE7-5067-495C-BED2-FFD31DAC6B5B}.Release|ARM64.Build.0 = Release|Any CPU
		{EF6B0EE7-5067-495C-BED2-FFD31DAC6B5B}.Release|x64.ActiveCfg = Release|Any CPU
		{EF6B0EE7-5067-495C-BED2-FFD31DAC6B5B}.Release|x64.Build.0 = Release|Any CPU
		{EF6B0EE7-5067-495C-BED2-FFD31DAC6B5B}.Release|x86.ActiveCfg = Release|Any CPU
		{EF6B0EE7-5067-495C-BED2-FFD31DAC6B5B}.Release|x86.Build.0 = Release|Any CPU
		{0E8327C6-F2CF-49CE-B08F-D04BBBA8055E}.Debug|Any CPU.ActiveCfg = Debug|Any CPU
		{0E8327C6-F2CF-49CE-B08F-D04BBBA8055E}.Debug|Any CPU.Build.0 = Debug|Any CPU
		{0E8327C6-F2CF-49CE-B08F-D04BBBA8055E}.Debug|ARM.ActiveCfg = Debug|Any CPU
		{0E8327C6-F2CF-49CE-B08F-D04BBBA8055E}.Debug|ARM.Build.0 = Debug|Any CPU
		{0E8327C6-F2CF-49CE-B08F-D04BBBA8055E}.Debug|ARM64.ActiveCfg = Debug|Any CPU
		{0E8327C6-F2CF-49CE-B08F-D04BBBA8055E}.Debug|ARM64.Build.0 = Debug|Any CPU
		{0E8327C6-F2CF-49CE-B08F-D04BBBA8055E}.Debug|x64.ActiveCfg = Debug|Any CPU
		{0E8327C6-F2CF-49CE-B08F-D04BBBA8055E}.Debug|x64.Build.0 = Debug|Any CPU
		{0E8327C6-F2CF-49CE-B08F-D04BBBA8055E}.Debug|x86.ActiveCfg = Debug|Any CPU
		{0E8327C6-F2CF-49CE-B08F-D04BBBA8055E}.Debug|x86.Build.0 = Debug|Any CPU
		{0E8327C6-F2CF-49CE-B08F-D04BBBA8055E}.Release|Any CPU.ActiveCfg = Release|Any CPU
		{0E8327C6-F2CF-49CE-B08F-D04BBBA8055E}.Release|Any CPU.Build.0 = Release|Any CPU
		{0E8327C6-F2CF-49CE-B08F-D04BBBA8055E}.Release|ARM.ActiveCfg = Release|Any CPU
		{0E8327C6-F2CF-49CE-B08F-D04BBBA8055E}.Release|ARM.Build.0 = Release|Any CPU
		{0E8327C6-F2CF-49CE-B08F-D04BBBA8055E}.Release|ARM64.ActiveCfg = Release|Any CPU
		{0E8327C6-F2CF-49CE-B08F-D04BBBA8055E}.Release|ARM64.Build.0 = Release|Any CPU
		{0E8327C6-F2CF-49CE-B08F-D04BBBA8055E}.Release|x64.ActiveCfg = Release|Any CPU
		{0E8327C6-F2CF-49CE-B08F-D04BBBA8055E}.Release|x64.Build.0 = Release|Any CPU
		{0E8327C6-F2CF-49CE-B08F-D04BBBA8055E}.Release|x86.ActiveCfg = Release|Any CPU
		{0E8327C6-F2CF-49CE-B08F-D04BBBA8055E}.Release|x86.Build.0 = Release|Any CPU
		{50252451-77F0-436C-BD5F-458B63DCF5B3}.Debug|Any CPU.ActiveCfg = Debug|Any CPU
		{50252451-77F0-436C-BD5F-458B63DCF5B3}.Debug|Any CPU.Build.0 = Debug|Any CPU
		{50252451-77F0-436C-BD5F-458B63DCF5B3}.Debug|ARM.ActiveCfg = Debug|Any CPU
		{50252451-77F0-436C-BD5F-458B63DCF5B3}.Debug|ARM.Build.0 = Debug|Any CPU
		{50252451-77F0-436C-BD5F-458B63DCF5B3}.Debug|ARM64.ActiveCfg = Debug|Any CPU
		{50252451-77F0-436C-BD5F-458B63DCF5B3}.Debug|ARM64.Build.0 = Debug|Any CPU
		{50252451-77F0-436C-BD5F-458B63DCF5B3}.Debug|x64.ActiveCfg = Debug|Any CPU
		{50252451-77F0-436C-BD5F-458B63DCF5B3}.Debug|x64.Build.0 = Debug|Any CPU
		{50252451-77F0-436C-BD5F-458B63DCF5B3}.Debug|x86.ActiveCfg = Debug|Any CPU
		{50252451-77F0-436C-BD5F-458B63DCF5B3}.Debug|x86.Build.0 = Debug|Any CPU
		{50252451-77F0-436C-BD5F-458B63DCF5B3}.Release|Any CPU.ActiveCfg = Release|Any CPU
		{50252451-77F0-436C-BD5F-458B63DCF5B3}.Release|Any CPU.Build.0 = Release|Any CPU
		{50252451-77F0-436C-BD5F-458B63DCF5B3}.Release|ARM.ActiveCfg = Release|Any CPU
		{50252451-77F0-436C-BD5F-458B63DCF5B3}.Release|ARM.Build.0 = Release|Any CPU
		{50252451-77F0-436C-BD5F-458B63DCF5B3}.Release|ARM64.ActiveCfg = Release|Any CPU
		{50252451-77F0-436C-BD5F-458B63DCF5B3}.Release|ARM64.Build.0 = Release|Any CPU
		{50252451-77F0-436C-BD5F-458B63DCF5B3}.Release|x64.ActiveCfg = Release|Any CPU
		{50252451-77F0-436C-BD5F-458B63DCF5B3}.Release|x64.Build.0 = Release|Any CPU
		{50252451-77F0-436C-BD5F-458B63DCF5B3}.Release|x86.ActiveCfg = Release|Any CPU
		{50252451-77F0-436C-BD5F-458B63DCF5B3}.Release|x86.Build.0 = Release|Any CPU
		{60484375-34F1-4D98-AF0B-CD54AFAAD22F}.Debug|Any CPU.ActiveCfg = Debug|Any CPU
		{60484375-34F1-4D98-AF0B-CD54AFAAD22F}.Debug|Any CPU.Build.0 = Debug|Any CPU
		{60484375-34F1-4D98-AF0B-CD54AFAAD22F}.Debug|ARM.ActiveCfg = Debug|Any CPU
		{60484375-34F1-4D98-AF0B-CD54AFAAD22F}.Debug|ARM.Build.0 = Debug|Any CPU
		{60484375-34F1-4D98-AF0B-CD54AFAAD22F}.Debug|ARM64.ActiveCfg = Debug|Any CPU
		{60484375-34F1-4D98-AF0B-CD54AFAAD22F}.Debug|ARM64.Build.0 = Debug|Any CPU
		{60484375-34F1-4D98-AF0B-CD54AFAAD22F}.Debug|x64.ActiveCfg = Debug|Any CPU
		{60484375-34F1-4D98-AF0B-CD54AFAAD22F}.Debug|x64.Build.0 = Debug|Any CPU
		{60484375-34F1-4D98-AF0B-CD54AFAAD22F}.Debug|x86.ActiveCfg = Debug|Any CPU
		{60484375-34F1-4D98-AF0B-CD54AFAAD22F}.Debug|x86.Build.0 = Debug|Any CPU
		{60484375-34F1-4D98-AF0B-CD54AFAAD22F}.Release|Any CPU.ActiveCfg = Release|Any CPU
		{60484375-34F1-4D98-AF0B-CD54AFAAD22F}.Release|Any CPU.Build.0 = Release|Any CPU
		{60484375-34F1-4D98-AF0B-CD54AFAAD22F}.Release|ARM.ActiveCfg = Release|Any CPU
		{60484375-34F1-4D98-AF0B-CD54AFAAD22F}.Release|ARM.Build.0 = Release|Any CPU
		{60484375-34F1-4D98-AF0B-CD54AFAAD22F}.Release|ARM64.ActiveCfg = Release|Any CPU
		{60484375-34F1-4D98-AF0B-CD54AFAAD22F}.Release|ARM64.Build.0 = Release|Any CPU
		{60484375-34F1-4D98-AF0B-CD54AFAAD22F}.Release|x64.ActiveCfg = Release|Any CPU
		{60484375-34F1-4D98-AF0B-CD54AFAAD22F}.Release|x64.Build.0 = Release|Any CPU
		{60484375-34F1-4D98-AF0B-CD54AFAAD22F}.Release|x86.ActiveCfg = Release|Any CPU
		{60484375-34F1-4D98-AF0B-CD54AFAAD22F}.Release|x86.Build.0 = Release|Any CPU
		{C8B6B1A6-4ACD-41D6-8C88-C3B26893D8B3}.Debug|Any CPU.ActiveCfg = Debug|Any CPU
		{C8B6B1A6-4ACD-41D6-8C88-C3B26893D8B3}.Debug|Any CPU.Build.0 = Debug|Any CPU
		{C8B6B1A6-4ACD-41D6-8C88-C3B26893D8B3}.Debug|ARM.ActiveCfg = Debug|Any CPU
		{C8B6B1A6-4ACD-41D6-8C88-C3B26893D8B3}.Debug|ARM.Build.0 = Debug|Any CPU
		{C8B6B1A6-4ACD-41D6-8C88-C3B26893D8B3}.Debug|ARM64.ActiveCfg = Debug|Any CPU
		{C8B6B1A6-4ACD-41D6-8C88-C3B26893D8B3}.Debug|ARM64.Build.0 = Debug|Any CPU
		{C8B6B1A6-4ACD-41D6-8C88-C3B26893D8B3}.Debug|x64.ActiveCfg = Debug|Any CPU
		{C8B6B1A6-4ACD-41D6-8C88-C3B26893D8B3}.Debug|x64.Build.0 = Debug|Any CPU
		{C8B6B1A6-4ACD-41D6-8C88-C3B26893D8B3}.Debug|x86.ActiveCfg = Debug|Any CPU
		{C8B6B1A6-4ACD-41D6-8C88-C3B26893D8B3}.Debug|x86.Build.0 = Debug|Any CPU
		{C8B6B1A6-4ACD-41D6-8C88-C3B26893D8B3}.Release|Any CPU.ActiveCfg = Release|Any CPU
		{C8B6B1A6-4ACD-41D6-8C88-C3B26893D8B3}.Release|Any CPU.Build.0 = Release|Any CPU
		{C8B6B1A6-4ACD-41D6-8C88-C3B26893D8B3}.Release|ARM.ActiveCfg = Release|Any CPU
		{C8B6B1A6-4ACD-41D6-8C88-C3B26893D8B3}.Release|ARM.Build.0 = Release|Any CPU
		{C8B6B1A6-4ACD-41D6-8C88-C3B26893D8B3}.Release|ARM64.ActiveCfg = Release|Any CPU
		{C8B6B1A6-4ACD-41D6-8C88-C3B26893D8B3}.Release|ARM64.Build.0 = Release|Any CPU
		{C8B6B1A6-4ACD-41D6-8C88-C3B26893D8B3}.Release|x64.ActiveCfg = Release|Any CPU
		{C8B6B1A6-4ACD-41D6-8C88-C3B26893D8B3}.Release|x64.Build.0 = Release|Any CPU
		{C8B6B1A6-4ACD-41D6-8C88-C3B26893D8B3}.Release|x86.ActiveCfg = Release|Any CPU
		{C8B6B1A6-4ACD-41D6-8C88-C3B26893D8B3}.Release|x86.Build.0 = Release|Any CPU
		{E3F97985-06A8-4160-89F2-B7FE577767AC}.Debug|Any CPU.ActiveCfg = Debug|Any CPU
		{E3F97985-06A8-4160-89F2-B7FE577767AC}.Debug|Any CPU.Build.0 = Debug|Any CPU
		{E3F97985-06A8-4160-89F2-B7FE577767AC}.Debug|ARM.ActiveCfg = Debug|Any CPU
		{E3F97985-06A8-4160-89F2-B7FE577767AC}.Debug|ARM.Build.0 = Debug|Any CPU
		{E3F97985-06A8-4160-89F2-B7FE577767AC}.Debug|ARM64.ActiveCfg = Debug|Any CPU
		{E3F97985-06A8-4160-89F2-B7FE577767AC}.Debug|ARM64.Build.0 = Debug|Any CPU
		{E3F97985-06A8-4160-89F2-B7FE577767AC}.Debug|x64.ActiveCfg = Debug|Any CPU
		{E3F97985-06A8-4160-89F2-B7FE577767AC}.Debug|x64.Build.0 = Debug|Any CPU
		{E3F97985-06A8-4160-89F2-B7FE577767AC}.Debug|x86.ActiveCfg = Debug|Any CPU
		{E3F97985-06A8-4160-89F2-B7FE577767AC}.Debug|x86.Build.0 = Debug|Any CPU
		{E3F97985-06A8-4160-89F2-B7FE577767AC}.Release|Any CPU.ActiveCfg = Release|Any CPU
		{E3F97985-06A8-4160-89F2-B7FE577767AC}.Release|Any CPU.Build.0 = Release|Any CPU
		{E3F97985-06A8-4160-89F2-B7FE577767AC}.Release|ARM.ActiveCfg = Release|Any CPU
		{E3F97985-06A8-4160-89F2-B7FE577767AC}.Release|ARM.Build.0 = Release|Any CPU
		{E3F97985-06A8-4160-89F2-B7FE577767AC}.Release|ARM64.ActiveCfg = Release|Any CPU
		{E3F97985-06A8-4160-89F2-B7FE577767AC}.Release|ARM64.Build.0 = Release|Any CPU
		{E3F97985-06A8-4160-89F2-B7FE577767AC}.Release|x64.ActiveCfg = Release|Any CPU
		{E3F97985-06A8-4160-89F2-B7FE577767AC}.Release|x64.Build.0 = Release|Any CPU
		{E3F97985-06A8-4160-89F2-B7FE577767AC}.Release|x86.ActiveCfg = Release|Any CPU
		{E3F97985-06A8-4160-89F2-B7FE577767AC}.Release|x86.Build.0 = Release|Any CPU
		{C7CD4372-228A-4CC5-87DC-5F1929811FE9}.Debug|Any CPU.ActiveCfg = Debug|Any CPU
		{C7CD4372-228A-4CC5-87DC-5F1929811FE9}.Debug|Any CPU.Build.0 = Debug|Any CPU
		{C7CD4372-228A-4CC5-87DC-5F1929811FE9}.Debug|ARM.ActiveCfg = Debug|Any CPU
		{C7CD4372-228A-4CC5-87DC-5F1929811FE9}.Debug|ARM.Build.0 = Debug|Any CPU
		{C7CD4372-228A-4CC5-87DC-5F1929811FE9}.Debug|ARM64.ActiveCfg = Debug|Any CPU
		{C7CD4372-228A-4CC5-87DC-5F1929811FE9}.Debug|ARM64.Build.0 = Debug|Any CPU
		{C7CD4372-228A-4CC5-87DC-5F1929811FE9}.Debug|x64.ActiveCfg = Debug|Any CPU
		{C7CD4372-228A-4CC5-87DC-5F1929811FE9}.Debug|x64.Build.0 = Debug|Any CPU
		{C7CD4372-228A-4CC5-87DC-5F1929811FE9}.Debug|x86.ActiveCfg = Debug|Any CPU
		{C7CD4372-228A-4CC5-87DC-5F1929811FE9}.Debug|x86.Build.0 = Debug|Any CPU
		{C7CD4372-228A-4CC5-87DC-5F1929811FE9}.Release|Any CPU.ActiveCfg = Release|Any CPU
		{C7CD4372-228A-4CC5-87DC-5F1929811FE9}.Release|Any CPU.Build.0 = Release|Any CPU
		{C7CD4372-228A-4CC5-87DC-5F1929811FE9}.Release|ARM.ActiveCfg = Release|Any CPU
		{C7CD4372-228A-4CC5-87DC-5F1929811FE9}.Release|ARM.Build.0 = Release|Any CPU
		{C7CD4372-228A-4CC5-87DC-5F1929811FE9}.Release|ARM64.ActiveCfg = Release|Any CPU
		{C7CD4372-228A-4CC5-87DC-5F1929811FE9}.Release|ARM64.Build.0 = Release|Any CPU
		{C7CD4372-228A-4CC5-87DC-5F1929811FE9}.Release|x64.ActiveCfg = Release|Any CPU
		{C7CD4372-228A-4CC5-87DC-5F1929811FE9}.Release|x64.Build.0 = Release|Any CPU
		{C7CD4372-228A-4CC5-87DC-5F1929811FE9}.Release|x86.ActiveCfg = Release|Any CPU
		{C7CD4372-228A-4CC5-87DC-5F1929811FE9}.Release|x86.Build.0 = Release|Any CPU
		{B10EAF59-C775-4BB6-9E29-C0473A5EDB90}.Debug|Any CPU.ActiveCfg = Debug|Any CPU
		{B10EAF59-C775-4BB6-9E29-C0473A5EDB90}.Debug|Any CPU.Build.0 = Debug|Any CPU
		{B10EAF59-C775-4BB6-9E29-C0473A5EDB90}.Debug|ARM.ActiveCfg = Debug|Any CPU
		{B10EAF59-C775-4BB6-9E29-C0473A5EDB90}.Debug|ARM.Build.0 = Debug|Any CPU
		{B10EAF59-C775-4BB6-9E29-C0473A5EDB90}.Debug|ARM64.ActiveCfg = Debug|Any CPU
		{B10EAF59-C775-4BB6-9E29-C0473A5EDB90}.Debug|ARM64.Build.0 = Debug|Any CPU
		{B10EAF59-C775-4BB6-9E29-C0473A5EDB90}.Debug|x64.ActiveCfg = Debug|Any CPU
		{B10EAF59-C775-4BB6-9E29-C0473A5EDB90}.Debug|x64.Build.0 = Debug|Any CPU
		{B10EAF59-C775-4BB6-9E29-C0473A5EDB90}.Debug|x86.ActiveCfg = Debug|Any CPU
		{B10EAF59-C775-4BB6-9E29-C0473A5EDB90}.Debug|x86.Build.0 = Debug|Any CPU
		{B10EAF59-C775-4BB6-9E29-C0473A5EDB90}.Release|Any CPU.ActiveCfg = Release|Any CPU
		{B10EAF59-C775-4BB6-9E29-C0473A5EDB90}.Release|Any CPU.Build.0 = Release|Any CPU
		{B10EAF59-C775-4BB6-9E29-C0473A5EDB90}.Release|ARM.ActiveCfg = Release|Any CPU
		{B10EAF59-C775-4BB6-9E29-C0473A5EDB90}.Release|ARM.Build.0 = Release|Any CPU
		{B10EAF59-C775-4BB6-9E29-C0473A5EDB90}.Release|ARM64.ActiveCfg = Release|Any CPU
		{B10EAF59-C775-4BB6-9E29-C0473A5EDB90}.Release|ARM64.Build.0 = Release|Any CPU
		{B10EAF59-C775-4BB6-9E29-C0473A5EDB90}.Release|x64.ActiveCfg = Release|Any CPU
		{B10EAF59-C775-4BB6-9E29-C0473A5EDB90}.Release|x64.Build.0 = Release|Any CPU
		{B10EAF59-C775-4BB6-9E29-C0473A5EDB90}.Release|x86.ActiveCfg = Release|Any CPU
		{B10EAF59-C775-4BB6-9E29-C0473A5EDB90}.Release|x86.Build.0 = Release|Any CPU
	EndGlobalSection
	GlobalSection(SolutionProperties) = preSolution
		HideSolutionNode = FALSE
	EndGlobalSection
	GlobalSection(NestedProjects) = preSolution
		{17172CC6-5E7F-47FC-940C-EE7969789B4D} = {6E6C2AB7-B4E7-4A7C-BAB4-8F3E51C39882}
		{6E684358-DB01-463E-AAD9-5C6ECCFE79B5} = {CDEB9938-5C22-441E-A5F3-6E2816CE1B56}
		{4F56224E-DC98-4A7D-9A35-8D9CAF13A871} = {CDEB9938-5C22-441E-A5F3-6E2816CE1B56}
		{DBE7626A-9241-4C17-95DB-0505C74AE617} = {CDEB9938-5C22-441E-A5F3-6E2816CE1B56}
		{A43237AB-7BBF-476D-8FB3-A2A119CDCFFF} = {CDEB9938-5C22-441E-A5F3-6E2816CE1B56}
		{93A22216-76BF-4151-B01F-276D50D41431} = {6E6C2AB7-B4E7-4A7C-BAB4-8F3E51C39882}
		{49932DF4-F6C8-41BD-840D-6510F3D9A9E7} = {6E6C2AB7-B4E7-4A7C-BAB4-8F3E51C39882}
		{B79C32B5-66BE-44A5-BBF3-6A7EF8B746F1} = {6E6C2AB7-B4E7-4A7C-BAB4-8F3E51C39882}
		{569D3646-1350-4445-8414-3DDCEF81FA6E} = {6E6C2AB7-B4E7-4A7C-BAB4-8F3E51C39882}
		{65CC74F5-E545-4CAC-992F-5F2406F3BDCE} = {6E6C2AB7-B4E7-4A7C-BAB4-8F3E51C39882}
		{5C70B51F-D724-4012-B0F1-757EF1FCFBB7} = {6E6C2AB7-B4E7-4A7C-BAB4-8F3E51C39882}
		{CFDCC775-B3C8-4F75-A44A-3C2AA6FD53DF} = {6E6C2AB7-B4E7-4A7C-BAB4-8F3E51C39882}
		{BF56293A-1255-4729-B933-51BEB9E7F25E} = {6E6C2AB7-B4E7-4A7C-BAB4-8F3E51C39882}
		{3F9A35A3-3DFB-4F8E-BD57-46FD4E8AA8AA} = {6E6C2AB7-B4E7-4A7C-BAB4-8F3E51C39882}
		{33E0D867-6C1C-4C61-83C6-3FCA301CE9C8} = {6E6C2AB7-B4E7-4A7C-BAB4-8F3E51C39882}
		{92E79876-A627-4628-B861-F62CE394A0D9} = {6E6C2AB7-B4E7-4A7C-BAB4-8F3E51C39882}
		{3A70F5FD-FF6D-473C-A625-B6FF50464299} = {6E6C2AB7-B4E7-4A7C-BAB4-8F3E51C39882}
		{EF6B0EE7-5067-495C-BED2-FFD31DAC6B5B} = {CDEB9938-5C22-441E-A5F3-6E2816CE1B56}
	EndGlobalSection
	GlobalSection(ExtensibilityGlobals) = postSolution
		SolutionGuid = {38A82597-181F-4DA7-A8F9-4132613E8CDB}
	EndGlobalSection
EndGlobal
